Microsoft Visual Studio Solution File, Format Version 12.00
# Visual Studio 14
VisualStudioVersion = 14.0.23107.0
MinimumVisualStudioVersion = 10.0.40219.1
Project("{2150E333-8FDC-42A3-9474-1A3956D46DE8}") = "4后台", "4后台", "{9A1491E2-2024-4A64-AD75-0BC775B8246F}"
EndProject
Project("{2150E333-8FDC-42A3-9474-1A3956D46DE8}") = "1公共", "1公共", "{377BE900-83E6-41D9-9C7E-25FE54B1A093}"
EndProject
Project("{2150E333-8FDC-42A3-9474-1A3956D46DE8}") = "数据", "数据", "{008CA7E3-3012-4BE1-85BC-CD8DC9AEFCD0}"
EndProject
Project("{2150E333-8FDC-42A3-9474-1A3956D46DE8}") = ".nuget", ".nuget", "{5B6CF50A-C1E7-4F88-8F7B-E292C37980EC}"
	ProjectSection(SolutionItems) = preProject
		.nuget\NuGet.Config = .nuget\NuGet.Config
		.nuget\NuGet.exe = .nuget\NuGet.exe
		.nuget\NuGet.targets = .nuget\NuGet.targets
	EndProjectSection
EndProject
Project("{2150E333-8FDC-42A3-9474-1A3956D46DE8}") = "3前台", "3前台", "{8B14494F-A226-4F64-87E1-B94A172423BD}"
EndProject
Project("{FAE04EC0-301F-11D3-BF4B-00C04F79EFBC}") = "MvcPager", "MvcPager\MvcPager.csproj", "{4BA9F10C-67B7-4CD6-87B1-0519ADBCA2A1}"
EndProject
Project("{FAE04EC0-301F-11D3-BF4B-00C04F79EFBC}") = "GL.Common", "GL.Comm\GL.Common.csproj", "{B1253B40-D947-4ED0-B656-C8B8BE0B6333}"
EndProject
Project("{FAE04EC0-301F-11D3-BF4B-00C04F79EFBC}") = "GL.Dapper", "GL.Dapper\GL.Dapper.csproj", "{6384424E-C4C0-42C8-9B65-6122A5273C2C}"
EndProject
Project("{FAE04EC0-301F-11D3-BF4B-00C04F79EFBC}") = "GL.Dapper.Extensions", "GL.Dapper.Extensions\GL.Dapper.Extensions.csproj", "{FC11014D-2006-420A-A185-0A1FA59DE72D}"
EndProject
Project("{FAE04EC0-301F-11D3-BF4B-00C04F79EFBC}") = "MWeb1", "MWeb\MWeb1.csproj", "{337F7E1A-E4AC-4FA3-A2FF-68B183BF82CB}"
	ProjectSection(ProjectDependencies) = postProject
		{20168359-AA63-42E9-B1A1-5E4FF4B3E63D} = {20168359-AA63-42E9-B1A1-5E4FF4B3E63D}
	EndProjectSection
EndProject
Project("{FAE04EC0-301F-11D3-BF4B-00C04F79EFBC}") = "GL.Data", "GL.Data\GL.Data.csproj", "{20168359-AA63-42E9-B1A1-5E4FF4B3E63D}"
EndProject
Project("{FAE04EC0-301F-11D3-BF4B-00C04F79EFBC}") = "WOHAIWeb", "WOHAIWeb\WOHAIWeb.csproj", "{92CEBFA9-E648-481B-8EFF-27B683F1D0B3}"
EndProject
Project("{FAE04EC0-301F-11D3-BF4B-00C04F79EFBC}") = "GL.WH.Data", "GL.WH.Data\GL.WH.Data.csproj", "{ADD82ED5-DE18-4455-8A13-809A131FCD36}"
EndProject
Project("{FAE04EC0-301F-11D3-BF4B-00C04F79EFBC}") = "GL.Pay", "GL.Pay\GL.Pay.csproj", "{F68EA311-556B-4085-9E66-39AE29C33F71}"
EndProject
Project("{FAE04EC0-301F-11D3-BF4B-00C04F79EFBC}") = "GL.Pay.Data", "GL.Pay.Data\GL.Pay.Data.csproj", "{B0C9925F-6645-41E1-BFEA-69F8C4257314}"
EndProject
Project("{FAE04EC0-301F-11D3-BF4B-00C04F79EFBC}") = "A1.Web", "A1.Web\A1.Web.csproj", "{F46E8C73-41E9-4301-B280-B76E31297512}"
EndProject
Project("{2150E333-8FDC-42A3-9474-1A3956D46DE8}") = "2数据源", "2数据源", "{A0454C66-02A8-4FFF-9938-E4E986084799}"
EndProject
Project("{FAE04EC0-301F-11D3-BF4B-00C04F79EFBC}") = "GL.Data.OWeb", "GL.Data.OWeb\GL.Data.OWeb.csproj", "{09AE2F24-35B9-49CD-B622-6C9D02DAB5FC}"
EndProject
Project("{FAE04EC0-301F-11D3-BF4B-00C04F79EFBC}") = "OWeb", "OWeb\OWeb.csproj", "{2DCE583D-2867-4A7D-AB61-2B09DA6CE8BE}"
EndProject
Project("{FAE04EC0-301F-11D3-BF4B-00C04F79EFBC}") = "AWeb", "AWeb\AWeb.csproj", "{59FA4E96-4242-45CF-85AD-2EC2504CBC00}"
EndProject
Project("{FAE04EC0-301F-11D3-BF4B-00C04F79EFBC}") = "GL.Data.AWeb", "GL.Data.AWeb\GL.Data.AWeb.csproj", "{EBA4A369-94A2-427C-8358-6E48094FDC98}"
EndProject
Project("{FAE04EC0-301F-11D3-BF4B-00C04F79EFBC}") = "Web.Redis", "Web.Redis\Web.Redis.csproj", "{F33F212C-9CEE-4302-8E08-0A03EFBF4B6F}"
EndProject
Project("{FAE04EC0-301F-11D3-BF4B-00C04F79EFBC}") = "GL.Redis.Data", "GL.Redis.Data\GL.Redis.Data.csproj", "{4C5340A3-F247-414B-9E65-01721C5EE273}"
EndProject
Project("{FAE04EC0-301F-11D3-BF4B-00C04F79EFBC}") = "Web.Pay", "Web.Pay\Web.Pay.csproj", "{AC340AE9-025F-404A-888B-475D6506ED16}"
EndProject
Project("{FAE04EC0-301F-11D3-BF4B-00C04F79EFBC}") = "A1.WebDDZ", "A1.WebDDZ\A1.WebDDZ.csproj", "{F2841C9D-2ABE-46BF-8ACE-8D81273388C9}"
EndProject
Project("{FAE04EC0-301F-11D3-BF4B-00C04F79EFBC}") = "CWeb", "CWeb\CWeb.csproj", "{23D76FD9-3C3A-4B09-8587-8E68166D3934}"
EndProject
Project("{FAE04EC0-301F-11D3-BF4B-00C04F79EFBC}") = "A1.WebPUKE", "A1.WebPUKE\A1.WebPUKE.csproj", "{5FF727AA-F108-489A-A54B-272FA7566948}"
EndProject
Project("{FAE04EC0-301F-11D3-BF4B-00C04F79EFBC}") = "A1.WebDIZHU", "A1.WebDIZHU\A1.WebDIZHU.csproj", "{4A43C4C7-31B3-432F-9B88-5BE6F70527CE}"
EndProject
Project("{FAE04EC0-301F-11D3-BF4B-00C04F79EFBC}") = "JWeb", "JWeb\JWeb.csproj", "{F6774CB1-16CF-4E70-94E1-1933E3866416}"
EndProject
Project("{FAE04EC0-301F-11D3-BF4B-00C04F79EFBC}") = "GL.Data.JWeb", "GL.Data.JWeb\GL.Data.JWeb.csproj", "{C074BC73-6697-417F-BC12-7FB766A0D0B3}"
EndProject
Project("{FAE04EC0-301F-11D3-BF4B-00C04F79EFBC}") = "TWeb", "TWeb\TWeb.csproj", "{79A0FF24-7422-4AC4-91D6-9D6AD1D4D6A0}"
EndProject
Project("{FAE04EC0-301F-11D3-BF4B-00C04F79EFBC}") = "GL.Data.TWeb", "GL.Data.TWeb\GL.Data.TWeb.csproj", "{57B1FCB0-962D-4EFE-A932-71FAB23C10E7}"
EndProject
Global
	GlobalSection(SolutionConfigurationPlatforms) = preSolution
		17|.NET = 17|.NET
		17|Any CPU = 17|Any CPU
		17|Mixed Platforms = 17|Mixed Platforms
		17|x64 = 17|x64
		Debug|.NET = Debug|.NET
		Debug|Any CPU = Debug|Any CPU
		Debug|Mixed Platforms = Debug|Mixed Platforms
		Debug|x64 = Debug|x64
		Release|.NET = Release|.NET
		Release|Any CPU = Release|Any CPU
		Release|Mixed Platforms = Release|Mixed Platforms
		Release|x64 = Release|x64
		test|.NET = test|.NET
		test|Any CPU = test|Any CPU
		test|Mixed Platforms = test|Mixed Platforms
		test|x64 = test|x64
		wenwanren.17.config|.NET = wenwanren.17.config|.NET
		wenwanren.17.config|Any CPU = wenwanren.17.config|Any CPU
		wenwanren.17.config|Mixed Platforms = wenwanren.17.config|Mixed Platforms
		wenwanren.17.config|x64 = wenwanren.17.config|x64
	EndGlobalSection
	GlobalSection(ProjectConfigurationPlatforms) = postSolution
		{4BA9F10C-67B7-4CD6-87B1-0519ADBCA2A1}.17|.NET.ActiveCfg = 17|Any CPU
		{4BA9F10C-67B7-4CD6-87B1-0519ADBCA2A1}.17|.NET.Build.0 = 17|Any CPU
		{4BA9F10C-67B7-4CD6-87B1-0519ADBCA2A1}.17|Any CPU.ActiveCfg = 17|Any CPU
		{4BA9F10C-67B7-4CD6-87B1-0519ADBCA2A1}.17|Any CPU.Build.0 = 17|Any CPU
		{4BA9F10C-67B7-4CD6-87B1-0519ADBCA2A1}.17|Mixed Platforms.ActiveCfg = 17|Any CPU
		{4BA9F10C-67B7-4CD6-87B1-0519ADBCA2A1}.17|Mixed Platforms.Build.0 = 17|Any CPU
		{4BA9F10C-67B7-4CD6-87B1-0519ADBCA2A1}.17|x64.ActiveCfg = 17|Any CPU
		{4BA9F10C-67B7-4CD6-87B1-0519ADBCA2A1}.17|x64.Build.0 = 17|Any CPU
		{4BA9F10C-67B7-4CD6-87B1-0519ADBCA2A1}.Debug|.NET.ActiveCfg = Debug|Any CPU
		{4BA9F10C-67B7-4CD6-87B1-0519ADBCA2A1}.Debug|.NET.Build.0 = Debug|Any CPU
		{4BA9F10C-67B7-4CD6-87B1-0519ADBCA2A1}.Debug|Any CPU.ActiveCfg = Debug|Any CPU
		{4BA9F10C-67B7-4CD6-87B1-0519ADBCA2A1}.Debug|Any CPU.Build.0 = Debug|Any CPU
		{4BA9F10C-67B7-4CD6-87B1-0519ADBCA2A1}.Debug|Mixed Platforms.ActiveCfg = Debug|Any CPU
		{4BA9F10C-67B7-4CD6-87B1-0519ADBCA2A1}.Debug|Mixed Platforms.Build.0 = Debug|Any CPU
		{4BA9F10C-67B7-4CD6-87B1-0519ADBCA2A1}.Debug|x64.ActiveCfg = Debug|Any CPU
		{4BA9F10C-67B7-4CD6-87B1-0519ADBCA2A1}.Debug|x64.Build.0 = Debug|Any CPU
		{4BA9F10C-67B7-4CD6-87B1-0519ADBCA2A1}.Release|.NET.ActiveCfg = Release|Any CPU
		{4BA9F10C-67B7-4CD6-87B1-0519ADBCA2A1}.Release|Any CPU.ActiveCfg = Release|Any CPU
		{4BA9F10C-67B7-4CD6-87B1-0519ADBCA2A1}.Release|Any CPU.Build.0 = Release|Any CPU
		{4BA9F10C-67B7-4CD6-87B1-0519ADBCA2A1}.Release|Mixed Platforms.ActiveCfg = Release|Any CPU
		{4BA9F10C-67B7-4CD6-87B1-0519ADBCA2A1}.Release|Mixed Platforms.Build.0 = Release|Any CPU
		{4BA9F10C-67B7-4CD6-87B1-0519ADBCA2A1}.Release|x64.ActiveCfg = Release|Any CPU
		{4BA9F10C-67B7-4CD6-87B1-0519ADBCA2A1}.Release|x64.Build.0 = Release|Any CPU
		{4BA9F10C-67B7-4CD6-87B1-0519ADBCA2A1}.test|.NET.ActiveCfg = Test|Any CPU
		{4BA9F10C-67B7-4CD6-87B1-0519ADBCA2A1}.test|.NET.Build.0 = Test|Any CPU
		{4BA9F10C-67B7-4CD6-87B1-0519ADBCA2A1}.test|Any CPU.ActiveCfg = Test|Any CPU
		{4BA9F10C-67B7-4CD6-87B1-0519ADBCA2A1}.test|Any CPU.Build.0 = Test|Any CPU
		{4BA9F10C-67B7-4CD6-87B1-0519ADBCA2A1}.test|Mixed Platforms.ActiveCfg = Test|Any CPU
		{4BA9F10C-67B7-4CD6-87B1-0519ADBCA2A1}.test|Mixed Platforms.Build.0 = Test|Any CPU
		{4BA9F10C-67B7-4CD6-87B1-0519ADBCA2A1}.test|x64.ActiveCfg = Test|Any CPU
		{4BA9F10C-67B7-4CD6-87B1-0519ADBCA2A1}.test|x64.Build.0 = Test|Any CPU
		{4BA9F10C-67B7-4CD6-87B1-0519ADBCA2A1}.wenwanren.17.config|.NET.ActiveCfg = 17|Any CPU
		{4BA9F10C-67B7-4CD6-87B1-0519ADBCA2A1}.wenwanren.17.config|.NET.Build.0 = 17|Any CPU
		{4BA9F10C-67B7-4CD6-87B1-0519ADBCA2A1}.wenwanren.17.config|Any CPU.ActiveCfg = 17|Any CPU
		{4BA9F10C-67B7-4CD6-87B1-0519ADBCA2A1}.wenwanren.17.config|Any CPU.Build.0 = 17|Any CPU
		{4BA9F10C-67B7-4CD6-87B1-0519ADBCA2A1}.wenwanren.17.config|Mixed Platforms.ActiveCfg = 17|Any CPU
		{4BA9F10C-67B7-4CD6-87B1-0519ADBCA2A1}.wenwanren.17.config|Mixed Platforms.Build.0 = 17|Any CPU
		{4BA9F10C-67B7-4CD6-87B1-0519ADBCA2A1}.wenwanren.17.config|x64.ActiveCfg = 17|Any CPU
		{4BA9F10C-67B7-4CD6-87B1-0519ADBCA2A1}.wenwanren.17.config|x64.Build.0 = 17|Any CPU
		{B1253B40-D947-4ED0-B656-C8B8BE0B6333}.17|.NET.ActiveCfg = 17|Any CPU
		{B1253B40-D947-4ED0-B656-C8B8BE0B6333}.17|.NET.Build.0 = 17|Any CPU
		{B1253B40-D947-4ED0-B656-C8B8BE0B6333}.17|Any CPU.ActiveCfg = 17|Any CPU
		{B1253B40-D947-4ED0-B656-C8B8BE0B6333}.17|Any CPU.Build.0 = 17|Any CPU
		{B1253B40-D947-4ED0-B656-C8B8BE0B6333}.17|Mixed Platforms.ActiveCfg = 17|Any CPU
		{B1253B40-D947-4ED0-B656-C8B8BE0B6333}.17|Mixed Platforms.Build.0 = 17|Any CPU
		{B1253B40-D947-4ED0-B656-C8B8BE0B6333}.17|x64.ActiveCfg = 17|Any CPU
		{B1253B40-D947-4ED0-B656-C8B8BE0B6333}.17|x64.Build.0 = 17|Any CPU
		{B1253B40-D947-4ED0-B656-C8B8BE0B6333}.Debug|.NET.ActiveCfg = Debug|Any CPU
		{B1253B40-D947-4ED0-B656-C8B8BE0B6333}.Debug|.NET.Build.0 = Debug|Any CPU
		{B1253B40-D947-4ED0-B656-C8B8BE0B6333}.Debug|Any CPU.ActiveCfg = Debug|Any CPU
		{B1253B40-D947-4ED0-B656-C8B8BE0B6333}.Debug|Any CPU.Build.0 = Debug|Any CPU
		{B1253B40-D947-4ED0-B656-C8B8BE0B6333}.Debug|Mixed Platforms.ActiveCfg = Debug|Any CPU
		{B1253B40-D947-4ED0-B656-C8B8BE0B6333}.Debug|Mixed Platforms.Build.0 = Debug|Any CPU
		{B1253B40-D947-4ED0-B656-C8B8BE0B6333}.Debug|x64.ActiveCfg = Debug|Any CPU
		{B1253B40-D947-4ED0-B656-C8B8BE0B6333}.Debug|x64.Build.0 = Debug|Any CPU
		{B1253B40-D947-4ED0-B656-C8B8BE0B6333}.Release|.NET.ActiveCfg = Release|Any CPU
		{B1253B40-D947-4ED0-B656-C8B8BE0B6333}.Release|.NET.Build.0 = Release|Any CPU
		{B1253B40-D947-4ED0-B656-C8B8BE0B6333}.Release|Any CPU.ActiveCfg = Release|Any CPU
		{B1253B40-D947-4ED0-B656-C8B8BE0B6333}.Release|Any CPU.Build.0 = Release|Any CPU
		{B1253B40-D947-4ED0-B656-C8B8BE0B6333}.Release|Mixed Platforms.ActiveCfg = Release|Any CPU
		{B1253B40-D947-4ED0-B656-C8B8BE0B6333}.Release|Mixed Platforms.Build.0 = Release|Any CPU
		{B1253B40-D947-4ED0-B656-C8B8BE0B6333}.Release|x64.ActiveCfg = Release|Any CPU
		{B1253B40-D947-4ED0-B656-C8B8BE0B6333}.Release|x64.Build.0 = Release|Any CPU
		{B1253B40-D947-4ED0-B656-C8B8BE0B6333}.test|.NET.ActiveCfg = test|Any CPU
		{B1253B40-D947-4ED0-B656-C8B8BE0B6333}.test|.NET.Build.0 = test|Any CPU
		{B1253B40-D947-4ED0-B656-C8B8BE0B6333}.test|Any CPU.ActiveCfg = test|Any CPU
		{B1253B40-D947-4ED0-B656-C8B8BE0B6333}.test|Any CPU.Build.0 = test|Any CPU
		{B1253B40-D947-4ED0-B656-C8B8BE0B6333}.test|Mixed Platforms.ActiveCfg = test|Any CPU
		{B1253B40-D947-4ED0-B656-C8B8BE0B6333}.test|Mixed Platforms.Build.0 = test|Any CPU
		{B1253B40-D947-4ED0-B656-C8B8BE0B6333}.test|x64.ActiveCfg = test|Any CPU
		{B1253B40-D947-4ED0-B656-C8B8BE0B6333}.test|x64.Build.0 = test|Any CPU
		{B1253B40-D947-4ED0-B656-C8B8BE0B6333}.wenwanren.17.config|.NET.ActiveCfg = 17|Any CPU
		{B1253B40-D947-4ED0-B656-C8B8BE0B6333}.wenwanren.17.config|.NET.Build.0 = 17|Any CPU
		{B1253B40-D947-4ED0-B656-C8B8BE0B6333}.wenwanren.17.config|Any CPU.ActiveCfg = 17|Any CPU
		{B1253B40-D947-4ED0-B656-C8B8BE0B6333}.wenwanren.17.config|Any CPU.Build.0 = 17|Any CPU
		{B1253B40-D947-4ED0-B656-C8B8BE0B6333}.wenwanren.17.config|Mixed Platforms.ActiveCfg = 17|Any CPU
		{B1253B40-D947-4ED0-B656-C8B8BE0B6333}.wenwanren.17.config|Mixed Platforms.Build.0 = 17|Any CPU
		{B1253B40-D947-4ED0-B656-C8B8BE0B6333}.wenwanren.17.config|x64.ActiveCfg = 17|Any CPU
		{B1253B40-D947-4ED0-B656-C8B8BE0B6333}.wenwanren.17.config|x64.Build.0 = 17|Any CPU
		{6384424E-C4C0-42C8-9B65-6122A5273C2C}.17|.NET.ActiveCfg = 17|Any CPU
		{6384424E-C4C0-42C8-9B65-6122A5273C2C}.17|.NET.Build.0 = 17|Any CPU
		{6384424E-C4C0-42C8-9B65-6122A5273C2C}.17|Any CPU.ActiveCfg = 17|Any CPU
		{6384424E-C4C0-42C8-9B65-6122A5273C2C}.17|Any CPU.Build.0 = 17|Any CPU
		{6384424E-C4C0-42C8-9B65-6122A5273C2C}.17|Mixed Platforms.ActiveCfg = 17|Any CPU
		{6384424E-C4C0-42C8-9B65-6122A5273C2C}.17|Mixed Platforms.Build.0 = 17|Any CPU
		{6384424E-C4C0-42C8-9B65-6122A5273C2C}.17|x64.ActiveCfg = 17|Any CPU
		{6384424E-C4C0-42C8-9B65-6122A5273C2C}.17|x64.Build.0 = 17|Any CPU
		{6384424E-C4C0-42C8-9B65-6122A5273C2C}.Debug|.NET.ActiveCfg = Debug|Any CPU
		{6384424E-C4C0-42C8-9B65-6122A5273C2C}.Debug|.NET.Build.0 = Debug|Any CPU
		{6384424E-C4C0-42C8-9B65-6122A5273C2C}.Debug|Any CPU.ActiveCfg = Debug|Any CPU
		{6384424E-C4C0-42C8-9B65-6122A5273C2C}.Debug|Any CPU.Build.0 = Debug|Any CPU
		{6384424E-C4C0-42C8-9B65-6122A5273C2C}.Debug|Mixed Platforms.ActiveCfg = Debug|Any CPU
		{6384424E-C4C0-42C8-9B65-6122A5273C2C}.Debug|Mixed Platforms.Build.0 = Debug|Any CPU
		{6384424E-C4C0-42C8-9B65-6122A5273C2C}.Debug|x64.ActiveCfg = Debug|Any CPU
		{6384424E-C4C0-42C8-9B65-6122A5273C2C}.Debug|x64.Build.0 = Debug|Any CPU
		{6384424E-C4C0-42C8-9B65-6122A5273C2C}.Release|.NET.ActiveCfg = Release|Any CPU
		{6384424E-C4C0-42C8-9B65-6122A5273C2C}.Release|.NET.Build.0 = Release|Any CPU
		{6384424E-C4C0-42C8-9B65-6122A5273C2C}.Release|Any CPU.ActiveCfg = Release|Any CPU
		{6384424E-C4C0-42C8-9B65-6122A5273C2C}.Release|Any CPU.Build.0 = Release|Any CPU
		{6384424E-C4C0-42C8-9B65-6122A5273C2C}.Release|Mixed Platforms.ActiveCfg = Release|Any CPU
		{6384424E-C4C0-42C8-9B65-6122A5273C2C}.Release|Mixed Platforms.Build.0 = Release|Any CPU
		{6384424E-C4C0-42C8-9B65-6122A5273C2C}.Release|x64.ActiveCfg = Release|Any CPU
		{6384424E-C4C0-42C8-9B65-6122A5273C2C}.Release|x64.Build.0 = Release|Any CPU
		{6384424E-C4C0-42C8-9B65-6122A5273C2C}.test|.NET.ActiveCfg = test|Any CPU
		{6384424E-C4C0-42C8-9B65-6122A5273C2C}.test|.NET.Build.0 = test|Any CPU
		{6384424E-C4C0-42C8-9B65-6122A5273C2C}.test|Any CPU.ActiveCfg = test|Any CPU
		{6384424E-C4C0-42C8-9B65-6122A5273C2C}.test|Any CPU.Build.0 = test|Any CPU
		{6384424E-C4C0-42C8-9B65-6122A5273C2C}.test|Mixed Platforms.ActiveCfg = test|Any CPU
		{6384424E-C4C0-42C8-9B65-6122A5273C2C}.test|Mixed Platforms.Build.0 = test|Any CPU
		{6384424E-C4C0-42C8-9B65-6122A5273C2C}.test|x64.ActiveCfg = test|Any CPU
		{6384424E-C4C0-42C8-9B65-6122A5273C2C}.test|x64.Build.0 = test|Any CPU
		{6384424E-C4C0-42C8-9B65-6122A5273C2C}.wenwanren.17.config|.NET.ActiveCfg = 17|Any CPU
		{6384424E-C4C0-42C8-9B65-6122A5273C2C}.wenwanren.17.config|.NET.Build.0 = 17|Any CPU
		{6384424E-C4C0-42C8-9B65-6122A5273C2C}.wenwanren.17.config|Any CPU.ActiveCfg = 17|Any CPU
		{6384424E-C4C0-42C8-9B65-6122A5273C2C}.wenwanren.17.config|Any CPU.Build.0 = 17|Any CPU
		{6384424E-C4C0-42C8-9B65-6122A5273C2C}.wenwanren.17.config|Mixed Platforms.ActiveCfg = 17|Any CPU
		{6384424E-C4C0-42C8-9B65-6122A5273C2C}.wenwanren.17.config|Mixed Platforms.Build.0 = 17|Any CPU
		{6384424E-C4C0-42C8-9B65-6122A5273C2C}.wenwanren.17.config|x64.ActiveCfg = 17|Any CPU
		{6384424E-C4C0-42C8-9B65-6122A5273C2C}.wenwanren.17.config|x64.Build.0 = 17|Any CPU
		{FC11014D-2006-420A-A185-0A1FA59DE72D}.17|.NET.ActiveCfg = 17|Any CPU
		{FC11014D-2006-420A-A185-0A1FA59DE72D}.17|.NET.Build.0 = 17|Any CPU
		{FC11014D-2006-420A-A185-0A1FA59DE72D}.17|Any CPU.ActiveCfg = 17|Any CPU
		{FC11014D-2006-420A-A185-0A1FA59DE72D}.17|Any CPU.Build.0 = 17|Any CPU
		{FC11014D-2006-420A-A185-0A1FA59DE72D}.17|Mixed Platforms.ActiveCfg = 17|Any CPU
		{FC11014D-2006-420A-A185-0A1FA59DE72D}.17|Mixed Platforms.Build.0 = 17|Any CPU
		{FC11014D-2006-420A-A185-0A1FA59DE72D}.17|x64.ActiveCfg = 17|Any CPU
		{FC11014D-2006-420A-A185-0A1FA59DE72D}.17|x64.Build.0 = 17|Any CPU
		{FC11014D-2006-420A-A185-0A1FA59DE72D}.Debug|.NET.ActiveCfg = Debug|Any CPU
		{FC11014D-2006-420A-A185-0A1FA59DE72D}.Debug|.NET.Build.0 = Debug|Any CPU
		{FC11014D-2006-420A-A185-0A1FA59DE72D}.Debug|Any CPU.ActiveCfg = Debug|Any CPU
		{FC11014D-2006-420A-A185-0A1FA59DE72D}.Debug|Any CPU.Build.0 = Debug|Any CPU
		{FC11014D-2006-420A-A185-0A1FA59DE72D}.Debug|Mixed Platforms.ActiveCfg = Debug|Any CPU
		{FC11014D-2006-420A-A185-0A1FA59DE72D}.Debug|Mixed Platforms.Build.0 = Debug|Any CPU
		{FC11014D-2006-420A-A185-0A1FA59DE72D}.Debug|x64.ActiveCfg = Debug|Any CPU
		{FC11014D-2006-420A-A185-0A1FA59DE72D}.Debug|x64.Build.0 = Debug|Any CPU
		{FC11014D-2006-420A-A185-0A1FA59DE72D}.Release|.NET.ActiveCfg = Release|Any CPU
		{FC11014D-2006-420A-A185-0A1FA59DE72D}.Release|.NET.Build.0 = Release|Any CPU
		{FC11014D-2006-420A-A185-0A1FA59DE72D}.Release|Any CPU.ActiveCfg = Release|Any CPU
		{FC11014D-2006-420A-A185-0A1FA59DE72D}.Release|Any CPU.Build.0 = Release|Any CPU
		{FC11014D-2006-420A-A185-0A1FA59DE72D}.Release|Mixed Platforms.ActiveCfg = Release|Any CPU
		{FC11014D-2006-420A-A185-0A1FA59DE72D}.Release|Mixed Platforms.Build.0 = Release|Any CPU
		{FC11014D-2006-420A-A185-0A1FA59DE72D}.Release|x64.ActiveCfg = Release|Any CPU
		{FC11014D-2006-420A-A185-0A1FA59DE72D}.Release|x64.Build.0 = Release|Any CPU
		{FC11014D-2006-420A-A185-0A1FA59DE72D}.test|.NET.ActiveCfg = test|Any CPU
		{FC11014D-2006-420A-A185-0A1FA59DE72D}.test|.NET.Build.0 = test|Any CPU
		{FC11014D-2006-420A-A185-0A1FA59DE72D}.test|Any CPU.ActiveCfg = test|Any CPU
		{FC11014D-2006-420A-A185-0A1FA59DE72D}.test|Any CPU.Build.0 = test|Any CPU
		{FC11014D-2006-420A-A185-0A1FA59DE72D}.test|Mixed Platforms.ActiveCfg = test|Any CPU
		{FC11014D-2006-420A-A185-0A1FA59DE72D}.test|Mixed Platforms.Build.0 = test|Any CPU
		{FC11014D-2006-420A-A185-0A1FA59DE72D}.test|x64.ActiveCfg = test|Any CPU
		{FC11014D-2006-420A-A185-0A1FA59DE72D}.test|x64.Build.0 = test|Any CPU
		{FC11014D-2006-420A-A185-0A1FA59DE72D}.wenwanren.17.config|.NET.ActiveCfg = 17|Any CPU
		{FC11014D-2006-420A-A185-0A1FA59DE72D}.wenwanren.17.config|.NET.Build.0 = 17|Any CPU
		{FC11014D-2006-420A-A185-0A1FA59DE72D}.wenwanren.17.config|Any CPU.ActiveCfg = 17|Any CPU
		{FC11014D-2006-420A-A185-0A1FA59DE72D}.wenwanren.17.config|Any CPU.Build.0 = 17|Any CPU
		{FC11014D-2006-420A-A185-0A1FA59DE72D}.wenwanren.17.config|Mixed Platforms.ActiveCfg = 17|Any CPU
		{FC11014D-2006-420A-A185-0A1FA59DE72D}.wenwanren.17.config|Mixed Platforms.Build.0 = 17|Any CPU
		{FC11014D-2006-420A-A185-0A1FA59DE72D}.wenwanren.17.config|x64.ActiveCfg = 17|Any CPU
		{FC11014D-2006-420A-A185-0A1FA59DE72D}.wenwanren.17.config|x64.Build.0 = 17|Any CPU
		{337F7E1A-E4AC-4FA3-A2FF-68B183BF82CB}.17|.NET.ActiveCfg = 17|Any CPU
		{337F7E1A-E4AC-4FA3-A2FF-68B183BF82CB}.17|.NET.Build.0 = 17|Any CPU
		{337F7E1A-E4AC-4FA3-A2FF-68B183BF82CB}.17|Any CPU.ActiveCfg = 17|Any CPU
		{337F7E1A-E4AC-4FA3-A2FF-68B183BF82CB}.17|Any CPU.Build.0 = 17|Any CPU
		{337F7E1A-E4AC-4FA3-A2FF-68B183BF82CB}.17|Mixed Platforms.ActiveCfg = 17|Any CPU
		{337F7E1A-E4AC-4FA3-A2FF-68B183BF82CB}.17|Mixed Platforms.Build.0 = 17|Any CPU
		{337F7E1A-E4AC-4FA3-A2FF-68B183BF82CB}.17|x64.ActiveCfg = 17|Any CPU
		{337F7E1A-E4AC-4FA3-A2FF-68B183BF82CB}.17|x64.Build.0 = 17|Any CPU
		{337F7E1A-E4AC-4FA3-A2FF-68B183BF82CB}.Debug|.NET.ActiveCfg = Debug|Any CPU
		{337F7E1A-E4AC-4FA3-A2FF-68B183BF82CB}.Debug|Any CPU.ActiveCfg = Debug|Any CPU
		{337F7E1A-E4AC-4FA3-A2FF-68B183BF82CB}.Debug|Any CPU.Build.0 = Debug|Any CPU
		{337F7E1A-E4AC-4FA3-A2FF-68B183BF82CB}.Debug|Mixed Platforms.ActiveCfg = Debug|Any CPU
		{337F7E1A-E4AC-4FA3-A2FF-68B183BF82CB}.Debug|Mixed Platforms.Build.0 = Debug|Any CPU
		{337F7E1A-E4AC-4FA3-A2FF-68B183BF82CB}.Debug|x64.ActiveCfg = Debug|Any CPU
		{337F7E1A-E4AC-4FA3-A2FF-68B183BF82CB}.Release|.NET.ActiveCfg = Release|Any CPU
		{337F7E1A-E4AC-4FA3-A2FF-68B183BF82CB}.Release|Any CPU.ActiveCfg = Release|Any CPU
		{337F7E1A-E4AC-4FA3-A2FF-68B183BF82CB}.Release|Any CPU.Build.0 = Release|Any CPU
		{337F7E1A-E4AC-4FA3-A2FF-68B183BF82CB}.Release|Mixed Platforms.ActiveCfg = Release|Any CPU
		{337F7E1A-E4AC-4FA3-A2FF-68B183BF82CB}.Release|Mixed Platforms.Build.0 = Release|Any CPU
		{337F7E1A-E4AC-4FA3-A2FF-68B183BF82CB}.Release|x64.ActiveCfg = Release|Any CPU
		{337F7E1A-E4AC-4FA3-A2FF-68B183BF82CB}.test|.NET.ActiveCfg = test|Any CPU
		{337F7E1A-E4AC-4FA3-A2FF-68B183BF82CB}.test|.NET.Build.0 = test|Any CPU
		{337F7E1A-E4AC-4FA3-A2FF-68B183BF82CB}.test|Any CPU.ActiveCfg = test|Any CPU
		{337F7E1A-E4AC-4FA3-A2FF-68B183BF82CB}.test|Any CPU.Build.0 = test|Any CPU
		{337F7E1A-E4AC-4FA3-A2FF-68B183BF82CB}.test|Mixed Platforms.ActiveCfg = test|Any CPU
		{337F7E1A-E4AC-4FA3-A2FF-68B183BF82CB}.test|Mixed Platforms.Build.0 = test|Any CPU
		{337F7E1A-E4AC-4FA3-A2FF-68B183BF82CB}.test|x64.ActiveCfg = test|Any CPU
		{337F7E1A-E4AC-4FA3-A2FF-68B183BF82CB}.test|x64.Build.0 = test|Any CPU
		{337F7E1A-E4AC-4FA3-A2FF-68B183BF82CB}.wenwanren.17.config|.NET.ActiveCfg = test|Any CPU
		{337F7E1A-E4AC-4FA3-A2FF-68B183BF82CB}.wenwanren.17.config|.NET.Build.0 = test|Any CPU
		{337F7E1A-E4AC-4FA3-A2FF-68B183BF82CB}.wenwanren.17.config|Any CPU.ActiveCfg = 17|Any CPU
		{337F7E1A-E4AC-4FA3-A2FF-68B183BF82CB}.wenwanren.17.config|Any CPU.Build.0 = 17|Any CPU
		{337F7E1A-E4AC-4FA3-A2FF-68B183BF82CB}.wenwanren.17.config|Mixed Platforms.ActiveCfg = 17|Any CPU
		{337F7E1A-E4AC-4FA3-A2FF-68B183BF82CB}.wenwanren.17.config|Mixed Platforms.Build.0 = 17|Any CPU
		{337F7E1A-E4AC-4FA3-A2FF-68B183BF82CB}.wenwanren.17.config|x64.ActiveCfg = 17|Any CPU
		{337F7E1A-E4AC-4FA3-A2FF-68B183BF82CB}.wenwanren.17.config|x64.Build.0 = 17|Any CPU
		{20168359-AA63-42E9-B1A1-5E4FF4B3E63D}.17|.NET.ActiveCfg = 17|Any CPU
		{20168359-AA63-42E9-B1A1-5E4FF4B3E63D}.17|.NET.Build.0 = 17|Any CPU
		{20168359-AA63-42E9-B1A1-5E4FF4B3E63D}.17|Any CPU.ActiveCfg = 17|Any CPU
		{20168359-AA63-42E9-B1A1-5E4FF4B3E63D}.17|Any CPU.Build.0 = 17|Any CPU
		{20168359-AA63-42E9-B1A1-5E4FF4B3E63D}.17|Mixed Platforms.ActiveCfg = 17|Any CPU
		{20168359-AA63-42E9-B1A1-5E4FF4B3E63D}.17|Mixed Platforms.Build.0 = 17|Any CPU
		{20168359-AA63-42E9-B1A1-5E4FF4B3E63D}.17|x64.ActiveCfg = 17|Any CPU
		{20168359-AA63-42E9-B1A1-5E4FF4B3E63D}.17|x64.Build.0 = 17|Any CPU
		{20168359-AA63-42E9-B1A1-5E4FF4B3E63D}.Debug|.NET.ActiveCfg = Debug|Any CPU
		{20168359-AA63-42E9-B1A1-5E4FF4B3E63D}.Debug|.NET.Build.0 = Debug|Any CPU
		{20168359-AA63-42E9-B1A1-5E4FF4B3E63D}.Debug|Any CPU.ActiveCfg = Debug|Any CPU
		{20168359-AA63-42E9-B1A1-5E4FF4B3E63D}.Debug|Any CPU.Build.0 = Debug|Any CPU
		{20168359-AA63-42E9-B1A1-5E4FF4B3E63D}.Debug|Mixed Platforms.ActiveCfg = Debug|Any CPU
		{20168359-AA63-42E9-B1A1-5E4FF4B3E63D}.Debug|Mixed Platforms.Build.0 = Debug|Any CPU
		{20168359-AA63-42E9-B1A1-5E4FF4B3E63D}.Debug|x64.ActiveCfg = Debug|Any CPU
		{20168359-AA63-42E9-B1A1-5E4FF4B3E63D}.Debug|x64.Build.0 = Debug|Any CPU
		{20168359-AA63-42E9-B1A1-5E4FF4B3E63D}.Release|.NET.ActiveCfg = Release|Any CPU
		{20168359-AA63-42E9-B1A1-5E4FF4B3E63D}.Release|.NET.Build.0 = Release|Any CPU
		{20168359-AA63-42E9-B1A1-5E4FF4B3E63D}.Release|Any CPU.ActiveCfg = Release|Any CPU
		{20168359-AA63-42E9-B1A1-5E4FF4B3E63D}.Release|Any CPU.Build.0 = Release|Any CPU
		{20168359-AA63-42E9-B1A1-5E4FF4B3E63D}.Release|Mixed Platforms.ActiveCfg = Release|Any CPU
		{20168359-AA63-42E9-B1A1-5E4FF4B3E63D}.Release|Mixed Platforms.Build.0 = Release|Any CPU
		{20168359-AA63-42E9-B1A1-5E4FF4B3E63D}.Release|x64.ActiveCfg = Release|Any CPU
		{20168359-AA63-42E9-B1A1-5E4FF4B3E63D}.Release|x64.Build.0 = Release|Any CPU
		{20168359-AA63-42E9-B1A1-5E4FF4B3E63D}.test|.NET.ActiveCfg = test|Any CPU
		{20168359-AA63-42E9-B1A1-5E4FF4B3E63D}.test|.NET.Build.0 = test|Any CPU
		{20168359-AA63-42E9-B1A1-5E4FF4B3E63D}.test|Any CPU.ActiveCfg = test|Any CPU
		{20168359-AA63-42E9-B1A1-5E4FF4B3E63D}.test|Any CPU.Build.0 = test|Any CPU
		{20168359-AA63-42E9-B1A1-5E4FF4B3E63D}.test|Mixed Platforms.ActiveCfg = test|Any CPU
		{20168359-AA63-42E9-B1A1-5E4FF4B3E63D}.test|Mixed Platforms.Build.0 = test|Any CPU
		{20168359-AA63-42E9-B1A1-5E4FF4B3E63D}.test|x64.ActiveCfg = test|Any CPU
		{20168359-AA63-42E9-B1A1-5E4FF4B3E63D}.test|x64.Build.0 = test|Any CPU
		{20168359-AA63-42E9-B1A1-5E4FF4B3E63D}.wenwanren.17.config|.NET.ActiveCfg = 17|Any CPU
		{20168359-AA63-42E9-B1A1-5E4FF4B3E63D}.wenwanren.17.config|.NET.Build.0 = 17|Any CPU
		{20168359-AA63-42E9-B1A1-5E4FF4B3E63D}.wenwanren.17.config|Any CPU.ActiveCfg = 17|Any CPU
		{20168359-AA63-42E9-B1A1-5E4FF4B3E63D}.wenwanren.17.config|Any CPU.Build.0 = 17|Any CPU
		{20168359-AA63-42E9-B1A1-5E4FF4B3E63D}.wenwanren.17.config|Mixed Platforms.ActiveCfg = 17|Any CPU
		{20168359-AA63-42E9-B1A1-5E4FF4B3E63D}.wenwanren.17.config|Mixed Platforms.Build.0 = 17|Any CPU
		{20168359-AA63-42E9-B1A1-5E4FF4B3E63D}.wenwanren.17.config|x64.ActiveCfg = 17|Any CPU
		{20168359-AA63-42E9-B1A1-5E4FF4B3E63D}.wenwanren.17.config|x64.Build.0 = 17|Any CPU
		{92CEBFA9-E648-481B-8EFF-27B683F1D0B3}.17|.NET.ActiveCfg = 17|Any CPU
		{92CEBFA9-E648-481B-8EFF-27B683F1D0B3}.17|.NET.Build.0 = 17|Any CPU
		{92CEBFA9-E648-481B-8EFF-27B683F1D0B3}.17|Any CPU.ActiveCfg = 17|Any CPU
		{92CEBFA9-E648-481B-8EFF-27B683F1D0B3}.17|Mixed Platforms.ActiveCfg = 17|Any CPU
		{92CEBFA9-E648-481B-8EFF-27B683F1D0B3}.17|Mixed Platforms.Build.0 = 17|Any CPU
		{92CEBFA9-E648-481B-8EFF-27B683F1D0B3}.17|x64.ActiveCfg = 17|Any CPU
		{92CEBFA9-E648-481B-8EFF-27B683F1D0B3}.17|x64.Build.0 = 17|Any CPU
		{92CEBFA9-E648-481B-8EFF-27B683F1D0B3}.Debug|.NET.ActiveCfg = Debug|Any CPU
		{92CEBFA9-E648-481B-8EFF-27B683F1D0B3}.Debug|Any CPU.ActiveCfg = Debug|Any CPU
		{92CEBFA9-E648-481B-8EFF-27B683F1D0B3}.Debug|Any CPU.Build.0 = Debug|Any CPU
		{92CEBFA9-E648-481B-8EFF-27B683F1D0B3}.Debug|Mixed Platforms.ActiveCfg = Debug|Any CPU
		{92CEBFA9-E648-481B-8EFF-27B683F1D0B3}.Debug|Mixed Platforms.Build.0 = Debug|Any CPU
		{92CEBFA9-E648-481B-8EFF-27B683F1D0B3}.Debug|x64.ActiveCfg = Debug|Any CPU
		{92CEBFA9-E648-481B-8EFF-27B683F1D0B3}.Release|.NET.ActiveCfg = Release|Any CPU
		{92CEBFA9-E648-481B-8EFF-27B683F1D0B3}.Release|Any CPU.ActiveCfg = Release|Any CPU
		{92CEBFA9-E648-481B-8EFF-27B683F1D0B3}.Release|Any CPU.Build.0 = Release|Any CPU
		{92CEBFA9-E648-481B-8EFF-27B683F1D0B3}.Release|Mixed Platforms.ActiveCfg = Release|Any CPU
		{92CEBFA9-E648-481B-8EFF-27B683F1D0B3}.Release|Mixed Platforms.Build.0 = Release|Any CPU
		{92CEBFA9-E648-481B-8EFF-27B683F1D0B3}.Release|x64.ActiveCfg = Release|Any CPU
		{92CEBFA9-E648-481B-8EFF-27B683F1D0B3}.test|.NET.ActiveCfg = test|Any CPU
		{92CEBFA9-E648-481B-8EFF-27B683F1D0B3}.test|.NET.Build.0 = test|Any CPU
		{92CEBFA9-E648-481B-8EFF-27B683F1D0B3}.test|Any CPU.ActiveCfg = test|Any CPU
		{92CEBFA9-E648-481B-8EFF-27B683F1D0B3}.test|Mixed Platforms.ActiveCfg = test|Any CPU
		{92CEBFA9-E648-481B-8EFF-27B683F1D0B3}.test|Mixed Platforms.Build.0 = test|Any CPU
		{92CEBFA9-E648-481B-8EFF-27B683F1D0B3}.test|x64.ActiveCfg = test|Any CPU
		{92CEBFA9-E648-481B-8EFF-27B683F1D0B3}.test|x64.Build.0 = test|Any CPU
		{92CEBFA9-E648-481B-8EFF-27B683F1D0B3}.wenwanren.17.config|.NET.ActiveCfg = 17|Any CPU
		{92CEBFA9-E648-481B-8EFF-27B683F1D0B3}.wenwanren.17.config|.NET.Build.0 = 17|Any CPU
		{92CEBFA9-E648-481B-8EFF-27B683F1D0B3}.wenwanren.17.config|Any CPU.ActiveCfg = 17|Any CPU
		{92CEBFA9-E648-481B-8EFF-27B683F1D0B3}.wenwanren.17.config|Any CPU.Build.0 = 17|Any CPU
		{92CEBFA9-E648-481B-8EFF-27B683F1D0B3}.wenwanren.17.config|Mixed Platforms.ActiveCfg = 17|Any CPU
		{92CEBFA9-E648-481B-8EFF-27B683F1D0B3}.wenwanren.17.config|Mixed Platforms.Build.0 = 17|Any CPU
		{92CEBFA9-E648-481B-8EFF-27B683F1D0B3}.wenwanren.17.config|x64.ActiveCfg = 17|Any CPU
		{92CEBFA9-E648-481B-8EFF-27B683F1D0B3}.wenwanren.17.config|x64.Build.0 = 17|Any CPU
		{ADD82ED5-DE18-4455-8A13-809A131FCD36}.17|.NET.ActiveCfg = 17|Any CPU
		{ADD82ED5-DE18-4455-8A13-809A131FCD36}.17|.NET.Build.0 = 17|Any CPU
		{ADD82ED5-DE18-4455-8A13-809A131FCD36}.17|Any CPU.ActiveCfg = 17|Any CPU
		{ADD82ED5-DE18-4455-8A13-809A131FCD36}.17|Mixed Platforms.ActiveCfg = 17|Any CPU
		{ADD82ED5-DE18-4455-8A13-809A131FCD36}.17|Mixed Platforms.Build.0 = 17|Any CPU
		{ADD82ED5-DE18-4455-8A13-809A131FCD36}.17|x64.ActiveCfg = 17|Any CPU
		{ADD82ED5-DE18-4455-8A13-809A131FCD36}.17|x64.Build.0 = 17|Any CPU
		{ADD82ED5-DE18-4455-8A13-809A131FCD36}.Debug|.NET.ActiveCfg = Debug|Any CPU
		{ADD82ED5-DE18-4455-8A13-809A131FCD36}.Debug|Any CPU.ActiveCfg = Debug|Any CPU
		{ADD82ED5-DE18-4455-8A13-809A131FCD36}.Debug|Any CPU.Build.0 = Debug|Any CPU
		{ADD82ED5-DE18-4455-8A13-809A131FCD36}.Debug|Mixed Platforms.ActiveCfg = Debug|Any CPU
		{ADD82ED5-DE18-4455-8A13-809A131FCD36}.Debug|Mixed Platforms.Build.0 = Debug|Any CPU
		{ADD82ED5-DE18-4455-8A13-809A131FCD36}.Debug|x64.ActiveCfg = Debug|Any CPU
		{ADD82ED5-DE18-4455-8A13-809A131FCD36}.Release|.NET.ActiveCfg = Release|Any CPU
		{ADD82ED5-DE18-4455-8A13-809A131FCD36}.Release|Any CPU.ActiveCfg = Release|Any CPU
		{ADD82ED5-DE18-4455-8A13-809A131FCD36}.Release|Any CPU.Build.0 = Release|Any CPU
		{ADD82ED5-DE18-4455-8A13-809A131FCD36}.Release|Mixed Platforms.ActiveCfg = Release|Any CPU
		{ADD82ED5-DE18-4455-8A13-809A131FCD36}.Release|Mixed Platforms.Build.0 = Release|Any CPU
		{ADD82ED5-DE18-4455-8A13-809A131FCD36}.Release|x64.ActiveCfg = Release|Any CPU
		{ADD82ED5-DE18-4455-8A13-809A131FCD36}.test|.NET.ActiveCfg = test|Any CPU
		{ADD82ED5-DE18-4455-8A13-809A131FCD36}.test|.NET.Build.0 = test|Any CPU
		{ADD82ED5-DE18-4455-8A13-809A131FCD36}.test|Any CPU.ActiveCfg = test|Any CPU
		{ADD82ED5-DE18-4455-8A13-809A131FCD36}.test|Mixed Platforms.ActiveCfg = test|Any CPU
		{ADD82ED5-DE18-4455-8A13-809A131FCD36}.test|Mixed Platforms.Build.0 = test|Any CPU
		{ADD82ED5-DE18-4455-8A13-809A131FCD36}.test|x64.ActiveCfg = test|Any CPU
		{ADD82ED5-DE18-4455-8A13-809A131FCD36}.test|x64.Build.0 = test|Any CPU
		{ADD82ED5-DE18-4455-8A13-809A131FCD36}.wenwanren.17.config|.NET.ActiveCfg = 17|Any CPU
		{ADD82ED5-DE18-4455-8A13-809A131FCD36}.wenwanren.17.config|.NET.Build.0 = 17|Any CPU
		{ADD82ED5-DE18-4455-8A13-809A131FCD36}.wenwanren.17.config|Any CPU.ActiveCfg = 17|Any CPU
		{ADD82ED5-DE18-4455-8A13-809A131FCD36}.wenwanren.17.config|Any CPU.Build.0 = 17|Any CPU
		{ADD82ED5-DE18-4455-8A13-809A131FCD36}.wenwanren.17.config|Mixed Platforms.ActiveCfg = 17|Any CPU
		{ADD82ED5-DE18-4455-8A13-809A131FCD36}.wenwanren.17.config|Mixed Platforms.Build.0 = 17|Any CPU
		{ADD82ED5-DE18-4455-8A13-809A131FCD36}.wenwanren.17.config|x64.ActiveCfg = 17|Any CPU
		{ADD82ED5-DE18-4455-8A13-809A131FCD36}.wenwanren.17.config|x64.Build.0 = 17|Any CPU
		{F68EA311-556B-4085-9E66-39AE29C33F71}.17|.NET.ActiveCfg = 17|Any CPU
		{F68EA311-556B-4085-9E66-39AE29C33F71}.17|.NET.Build.0 = 17|Any CPU
		{F68EA311-556B-4085-9E66-39AE29C33F71}.17|Any CPU.ActiveCfg = 17|Any CPU
		{F68EA311-556B-4085-9E66-39AE29C33F71}.17|Any CPU.Build.0 = 17|Any CPU
		{F68EA311-556B-4085-9E66-39AE29C33F71}.17|Mixed Platforms.ActiveCfg = 17|Any CPU
		{F68EA311-556B-4085-9E66-39AE29C33F71}.17|Mixed Platforms.Build.0 = 17|Any CPU
		{F68EA311-556B-4085-9E66-39AE29C33F71}.17|x64.ActiveCfg = 17|Any CPU
		{F68EA311-556B-4085-9E66-39AE29C33F71}.17|x64.Build.0 = 17|Any CPU
		{F68EA311-556B-4085-9E66-39AE29C33F71}.Debug|.NET.ActiveCfg = Debug|Any CPU
		{F68EA311-556B-4085-9E66-39AE29C33F71}.Debug|.NET.Build.0 = Debug|Any CPU
		{F68EA311-556B-4085-9E66-39AE29C33F71}.Debug|Any CPU.ActiveCfg = Debug|Any CPU
		{F68EA311-556B-4085-9E66-39AE29C33F71}.Debug|Any CPU.Build.0 = Debug|Any CPU
		{F68EA311-556B-4085-9E66-39AE29C33F71}.Debug|Mixed Platforms.ActiveCfg = Debug|Any CPU
		{F68EA311-556B-4085-9E66-39AE29C33F71}.Debug|Mixed Platforms.Build.0 = Debug|Any CPU
		{F68EA311-556B-4085-9E66-39AE29C33F71}.Debug|x64.ActiveCfg = Debug|Any CPU
		{F68EA311-556B-4085-9E66-39AE29C33F71}.Release|.NET.ActiveCfg = Release|Any CPU
		{F68EA311-556B-4085-9E66-39AE29C33F71}.Release|.NET.Build.0 = Release|Any CPU
		{F68EA311-556B-4085-9E66-39AE29C33F71}.Release|Any CPU.ActiveCfg = Release|Any CPU
		{F68EA311-556B-4085-9E66-39AE29C33F71}.Release|Any CPU.Build.0 = Release|Any CPU
		{F68EA311-556B-4085-9E66-39AE29C33F71}.Release|Mixed Platforms.ActiveCfg = Release|Any CPU
		{F68EA311-556B-4085-9E66-39AE29C33F71}.Release|Mixed Platforms.Build.0 = Release|Any CPU
		{F68EA311-556B-4085-9E66-39AE29C33F71}.Release|x64.ActiveCfg = Release|Any CPU
		{F68EA311-556B-4085-9E66-39AE29C33F71}.test|.NET.ActiveCfg = Test|Any CPU
		{F68EA311-556B-4085-9E66-39AE29C33F71}.test|.NET.Build.0 = Test|Any CPU
		{F68EA311-556B-4085-9E66-39AE29C33F71}.test|Any CPU.ActiveCfg = Test|Any CPU
		{F68EA311-556B-4085-9E66-39AE29C33F71}.test|Any CPU.Build.0 = Test|Any CPU
		{F68EA311-556B-4085-9E66-39AE29C33F71}.test|Mixed Platforms.ActiveCfg = Test|Any CPU
		{F68EA311-556B-4085-9E66-39AE29C33F71}.test|Mixed Platforms.Build.0 = Test|Any CPU
		{F68EA311-556B-4085-9E66-39AE29C33F71}.test|x64.ActiveCfg = Test|Any CPU
		{F68EA311-556B-4085-9E66-39AE29C33F71}.test|x64.Build.0 = Test|Any CPU
		{F68EA311-556B-4085-9E66-39AE29C33F71}.wenwanren.17.config|.NET.ActiveCfg = 17|Any CPU
		{F68EA311-556B-4085-9E66-39AE29C33F71}.wenwanren.17.config|.NET.Build.0 = 17|Any CPU
		{F68EA311-556B-4085-9E66-39AE29C33F71}.wenwanren.17.config|Any CPU.ActiveCfg = 17|Any CPU
		{F68EA311-556B-4085-9E66-39AE29C33F71}.wenwanren.17.config|Any CPU.Build.0 = 17|Any CPU
		{F68EA311-556B-4085-9E66-39AE29C33F71}.wenwanren.17.config|Mixed Platforms.ActiveCfg = 17|Any CPU
		{F68EA311-556B-4085-9E66-39AE29C33F71}.wenwanren.17.config|Mixed Platforms.Build.0 = 17|Any CPU
		{F68EA311-556B-4085-9E66-39AE29C33F71}.wenwanren.17.config|x64.ActiveCfg = 17|Any CPU
		{F68EA311-556B-4085-9E66-39AE29C33F71}.wenwanren.17.config|x64.Build.0 = 17|Any CPU
		{B0C9925F-6645-41E1-BFEA-69F8C4257314}.17|.NET.ActiveCfg = 17|Any CPU
		{B0C9925F-6645-41E1-BFEA-69F8C4257314}.17|.NET.Build.0 = 17|Any CPU
		{B0C9925F-6645-41E1-BFEA-69F8C4257314}.17|Any CPU.ActiveCfg = 17|Any CPU
		{B0C9925F-6645-41E1-BFEA-69F8C4257314}.17|Any CPU.Build.0 = 17|Any CPU
		{B0C9925F-6645-41E1-BFEA-69F8C4257314}.17|Mixed Platforms.ActiveCfg = 17|Any CPU
		{B0C9925F-6645-41E1-BFEA-69F8C4257314}.17|Mixed Platforms.Build.0 = 17|Any CPU
		{B0C9925F-6645-41E1-BFEA-69F8C4257314}.17|x64.ActiveCfg = 17|Any CPU
		{B0C9925F-6645-41E1-BFEA-69F8C4257314}.17|x64.Build.0 = 17|Any CPU
		{B0C9925F-6645-41E1-BFEA-69F8C4257314}.Debug|.NET.ActiveCfg = Debug|Any CPU
		{B0C9925F-6645-41E1-BFEA-69F8C4257314}.Debug|.NET.Build.0 = Debug|Any CPU
		{B0C9925F-6645-41E1-BFEA-69F8C4257314}.Debug|Any CPU.ActiveCfg = Debug|Any CPU
		{B0C9925F-6645-41E1-BFEA-69F8C4257314}.Debug|Any CPU.Build.0 = Debug|Any CPU
		{B0C9925F-6645-41E1-BFEA-69F8C4257314}.Debug|Mixed Platforms.ActiveCfg = Debug|Any CPU
		{B0C9925F-6645-41E1-BFEA-69F8C4257314}.Debug|Mixed Platforms.Build.0 = Debug|Any CPU
		{B0C9925F-6645-41E1-BFEA-69F8C4257314}.Debug|x64.ActiveCfg = Debug|Any CPU
		{B0C9925F-6645-41E1-BFEA-69F8C4257314}.Release|.NET.ActiveCfg = Release|Any CPU
		{B0C9925F-6645-41E1-BFEA-69F8C4257314}.Release|.NET.Build.0 = Release|Any CPU
		{B0C9925F-6645-41E1-BFEA-69F8C4257314}.Release|Any CPU.ActiveCfg = Release|Any CPU
		{B0C9925F-6645-41E1-BFEA-69F8C4257314}.Release|Any CPU.Build.0 = Release|Any CPU
		{B0C9925F-6645-41E1-BFEA-69F8C4257314}.Release|Mixed Platforms.ActiveCfg = Release|Any CPU
		{B0C9925F-6645-41E1-BFEA-69F8C4257314}.Release|Mixed Platforms.Build.0 = Release|Any CPU
		{B0C9925F-6645-41E1-BFEA-69F8C4257314}.Release|x64.ActiveCfg = Release|Any CPU
		{B0C9925F-6645-41E1-BFEA-69F8C4257314}.test|.NET.ActiveCfg = Test|Any CPU
		{B0C9925F-6645-41E1-BFEA-69F8C4257314}.test|.NET.Build.0 = Test|Any CPU
		{B0C9925F-6645-41E1-BFEA-69F8C4257314}.test|Any CPU.ActiveCfg = Test|Any CPU
		{B0C9925F-6645-41E1-BFEA-69F8C4257314}.test|Any CPU.Build.0 = Test|Any CPU
		{B0C9925F-6645-41E1-BFEA-69F8C4257314}.test|Mixed Platforms.ActiveCfg = Test|Any CPU
		{B0C9925F-6645-41E1-BFEA-69F8C4257314}.test|Mixed Platforms.Build.0 = Test|Any CPU
		{B0C9925F-6645-41E1-BFEA-69F8C4257314}.test|x64.ActiveCfg = Test|Any CPU
		{B0C9925F-6645-41E1-BFEA-69F8C4257314}.test|x64.Build.0 = Test|Any CPU
		{B0C9925F-6645-41E1-BFEA-69F8C4257314}.wenwanren.17.config|.NET.ActiveCfg = 17|Any CPU
		{B0C9925F-6645-41E1-BFEA-69F8C4257314}.wenwanren.17.config|.NET.Build.0 = 17|Any CPU
		{B0C9925F-6645-41E1-BFEA-69F8C4257314}.wenwanren.17.config|Any CPU.ActiveCfg = 17|Any CPU
		{B0C9925F-6645-41E1-BFEA-69F8C4257314}.wenwanren.17.config|Any CPU.Build.0 = 17|Any CPU
		{B0C9925F-6645-41E1-BFEA-69F8C4257314}.wenwanren.17.config|Mixed Platforms.ActiveCfg = 17|Any CPU
		{B0C9925F-6645-41E1-BFEA-69F8C4257314}.wenwanren.17.config|Mixed Platforms.Build.0 = 17|Any CPU
		{B0C9925F-6645-41E1-BFEA-69F8C4257314}.wenwanren.17.config|x64.ActiveCfg = 17|Any CPU
		{B0C9925F-6645-41E1-BFEA-69F8C4257314}.wenwanren.17.config|x64.Build.0 = 17|Any CPU
		{F46E8C73-41E9-4301-B280-B76E31297512}.17|.NET.ActiveCfg = 17|Any CPU
		{F46E8C73-41E9-4301-B280-B76E31297512}.17|.NET.Build.0 = 17|Any CPU
		{F46E8C73-41E9-4301-B280-B76E31297512}.17|Any CPU.ActiveCfg = 17|Any CPU
		{F46E8C73-41E9-4301-B280-B76E31297512}.17|Any CPU.Build.0 = 17|Any CPU
		{F46E8C73-41E9-4301-B280-B76E31297512}.17|Mixed Platforms.ActiveCfg = 17|Any CPU
		{F46E8C73-41E9-4301-B280-B76E31297512}.17|Mixed Platforms.Build.0 = 17|Any CPU
		{F46E8C73-41E9-4301-B280-B76E31297512}.17|x64.ActiveCfg = 17|Any CPU
		{F46E8C73-41E9-4301-B280-B76E31297512}.17|x64.Build.0 = 17|Any CPU
		{F46E8C73-41E9-4301-B280-B76E31297512}.Debug|.NET.ActiveCfg = Debug|Any CPU
		{F46E8C73-41E9-4301-B280-B76E31297512}.Debug|.NET.Build.0 = Debug|Any CPU
		{F46E8C73-41E9-4301-B280-B76E31297512}.Debug|Any CPU.ActiveCfg = Debug|Any CPU
		{F46E8C73-41E9-4301-B280-B76E31297512}.Debug|Any CPU.Build.0 = Debug|Any CPU
		{F46E8C73-41E9-4301-B280-B76E31297512}.Debug|Mixed Platforms.ActiveCfg = Debug|Any CPU
		{F46E8C73-41E9-4301-B280-B76E31297512}.Debug|Mixed Platforms.Build.0 = Debug|Any CPU
		{F46E8C73-41E9-4301-B280-B76E31297512}.Debug|x64.ActiveCfg = Debug|Any CPU
		{F46E8C73-41E9-4301-B280-B76E31297512}.Debug|x64.Build.0 = Debug|Any CPU
		{F46E8C73-41E9-4301-B280-B76E31297512}.Release|.NET.ActiveCfg = Release|Any CPU
		{F46E8C73-41E9-4301-B280-B76E31297512}.Release|.NET.Build.0 = Release|Any CPU
		{F46E8C73-41E9-4301-B280-B76E31297512}.Release|Any CPU.ActiveCfg = Release|Any CPU
		{F46E8C73-41E9-4301-B280-B76E31297512}.Release|Any CPU.Build.0 = Release|Any CPU
		{F46E8C73-41E9-4301-B280-B76E31297512}.Release|Mixed Platforms.ActiveCfg = Release|Any CPU
		{F46E8C73-41E9-4301-B280-B76E31297512}.Release|Mixed Platforms.Build.0 = Release|Any CPU
		{F46E8C73-41E9-4301-B280-B76E31297512}.Release|x64.ActiveCfg = Release|Any CPU
		{F46E8C73-41E9-4301-B280-B76E31297512}.Release|x64.Build.0 = Release|Any CPU
		{F46E8C73-41E9-4301-B280-B76E31297512}.test|.NET.ActiveCfg = Test|Any CPU
		{F46E8C73-41E9-4301-B280-B76E31297512}.test|.NET.Build.0 = Test|Any CPU
		{F46E8C73-41E9-4301-B280-B76E31297512}.test|Any CPU.ActiveCfg = Test|Any CPU
		{F46E8C73-41E9-4301-B280-B76E31297512}.test|Any CPU.Build.0 = Test|Any CPU
		{F46E8C73-41E9-4301-B280-B76E31297512}.test|Mixed Platforms.ActiveCfg = Test|Any CPU
		{F46E8C73-41E9-4301-B280-B76E31297512}.test|Mixed Platforms.Build.0 = Test|Any CPU
		{F46E8C73-41E9-4301-B280-B76E31297512}.test|x64.ActiveCfg = Test|Any CPU
		{F46E8C73-41E9-4301-B280-B76E31297512}.test|x64.Build.0 = Test|Any CPU
		{F46E8C73-41E9-4301-B280-B76E31297512}.wenwanren.17.config|.NET.ActiveCfg = 17|Any CPU
		{F46E8C73-41E9-4301-B280-B76E31297512}.wenwanren.17.config|.NET.Build.0 = 17|Any CPU
		{F46E8C73-41E9-4301-B280-B76E31297512}.wenwanren.17.config|Any CPU.ActiveCfg = 17|Any CPU
		{F46E8C73-41E9-4301-B280-B76E31297512}.wenwanren.17.config|Any CPU.Build.0 = 17|Any CPU
		{F46E8C73-41E9-4301-B280-B76E31297512}.wenwanren.17.config|Mixed Platforms.ActiveCfg = 17|Any CPU
		{F46E8C73-41E9-4301-B280-B76E31297512}.wenwanren.17.config|Mixed Platforms.Build.0 = 17|Any CPU
		{F46E8C73-41E9-4301-B280-B76E31297512}.wenwanren.17.config|x64.ActiveCfg = 17|Any CPU
		{F46E8C73-41E9-4301-B280-B76E31297512}.wenwanren.17.config|x64.Build.0 = 17|Any CPU
		{09AE2F24-35B9-49CD-B622-6C9D02DAB5FC}.17|.NET.ActiveCfg = 17|Any CPU
		{09AE2F24-35B9-49CD-B622-6C9D02DAB5FC}.17|.NET.Build.0 = 17|Any CPU
		{09AE2F24-35B9-49CD-B622-6C9D02DAB5FC}.17|Any CPU.ActiveCfg = 17|Any CPU
		{09AE2F24-35B9-49CD-B622-6C9D02DAB5FC}.17|Any CPU.Build.0 = 17|Any CPU
		{09AE2F24-35B9-49CD-B622-6C9D02DAB5FC}.17|Mixed Platforms.ActiveCfg = 17|Any CPU
		{09AE2F24-35B9-49CD-B622-6C9D02DAB5FC}.17|Mixed Platforms.Build.0 = 17|Any CPU
		{09AE2F24-35B9-49CD-B622-6C9D02DAB5FC}.17|x64.ActiveCfg = 17|Any CPU
		{09AE2F24-35B9-49CD-B622-6C9D02DAB5FC}.17|x64.Build.0 = 17|Any CPU
		{09AE2F24-35B9-49CD-B622-6C9D02DAB5FC}.Debug|.NET.ActiveCfg = Debug|Any CPU
		{09AE2F24-35B9-49CD-B622-6C9D02DAB5FC}.Debug|.NET.Build.0 = Debug|Any CPU
		{09AE2F24-35B9-49CD-B622-6C9D02DAB5FC}.Debug|Any CPU.ActiveCfg = Debug|Any CPU
		{09AE2F24-35B9-49CD-B622-6C9D02DAB5FC}.Debug|Any CPU.Build.0 = Debug|Any CPU
		{09AE2F24-35B9-49CD-B622-6C9D02DAB5FC}.Debug|Mixed Platforms.ActiveCfg = Debug|Any CPU
		{09AE2F24-35B9-49CD-B622-6C9D02DAB5FC}.Debug|Mixed Platforms.Build.0 = Debug|Any CPU
		{09AE2F24-35B9-49CD-B622-6C9D02DAB5FC}.Debug|x64.ActiveCfg = Debug|Any CPU
		{09AE2F24-35B9-49CD-B622-6C9D02DAB5FC}.Debug|x64.Build.0 = Debug|Any CPU
		{09AE2F24-35B9-49CD-B622-6C9D02DAB5FC}.Release|.NET.ActiveCfg = Release|Any CPU
		{09AE2F24-35B9-49CD-B622-6C9D02DAB5FC}.Release|.NET.Build.0 = Release|Any CPU
		{09AE2F24-35B9-49CD-B622-6C9D02DAB5FC}.Release|Any CPU.ActiveCfg = Release|Any CPU
		{09AE2F24-35B9-49CD-B622-6C9D02DAB5FC}.Release|Any CPU.Build.0 = Release|Any CPU
		{09AE2F24-35B9-49CD-B622-6C9D02DAB5FC}.Release|Mixed Platforms.ActiveCfg = Release|Any CPU
		{09AE2F24-35B9-49CD-B622-6C9D02DAB5FC}.Release|Mixed Platforms.Build.0 = Release|Any CPU
		{09AE2F24-35B9-49CD-B622-6C9D02DAB5FC}.Release|x64.ActiveCfg = Release|Any CPU
		{09AE2F24-35B9-49CD-B622-6C9D02DAB5FC}.Release|x64.Build.0 = Release|Any CPU
		{09AE2F24-35B9-49CD-B622-6C9D02DAB5FC}.test|.NET.ActiveCfg = Test|Any CPU
		{09AE2F24-35B9-49CD-B622-6C9D02DAB5FC}.test|.NET.Build.0 = Test|Any CPU
		{09AE2F24-35B9-49CD-B622-6C9D02DAB5FC}.test|Any CPU.ActiveCfg = Test|Any CPU
		{09AE2F24-35B9-49CD-B622-6C9D02DAB5FC}.test|Any CPU.Build.0 = Test|Any CPU
		{09AE2F24-35B9-49CD-B622-6C9D02DAB5FC}.test|Mixed Platforms.ActiveCfg = Test|Any CPU
		{09AE2F24-35B9-49CD-B622-6C9D02DAB5FC}.test|Mixed Platforms.Build.0 = Test|Any CPU
		{09AE2F24-35B9-49CD-B622-6C9D02DAB5FC}.test|x64.ActiveCfg = Test|Any CPU
		{09AE2F24-35B9-49CD-B622-6C9D02DAB5FC}.test|x64.Build.0 = Test|Any CPU
		{09AE2F24-35B9-49CD-B622-6C9D02DAB5FC}.wenwanren.17.config|.NET.ActiveCfg = 17|Any CPU
		{09AE2F24-35B9-49CD-B622-6C9D02DAB5FC}.wenwanren.17.config|.NET.Build.0 = 17|Any CPU
		{09AE2F24-35B9-49CD-B622-6C9D02DAB5FC}.wenwanren.17.config|Any CPU.ActiveCfg = 17|Any CPU
		{09AE2F24-35B9-49CD-B622-6C9D02DAB5FC}.wenwanren.17.config|Any CPU.Build.0 = 17|Any CPU
		{09AE2F24-35B9-49CD-B622-6C9D02DAB5FC}.wenwanren.17.config|Mixed Platforms.ActiveCfg = 17|Any CPU
		{09AE2F24-35B9-49CD-B622-6C9D02DAB5FC}.wenwanren.17.config|Mixed Platforms.Build.0 = 17|Any CPU
		{09AE2F24-35B9-49CD-B622-6C9D02DAB5FC}.wenwanren.17.config|x64.ActiveCfg = 17|Any CPU
		{09AE2F24-35B9-49CD-B622-6C9D02DAB5FC}.wenwanren.17.config|x64.Build.0 = 17|Any CPU
		{2DCE583D-2867-4A7D-AB61-2B09DA6CE8BE}.17|.NET.ActiveCfg = 17|Any CPU
		{2DCE583D-2867-4A7D-AB61-2B09DA6CE8BE}.17|.NET.Build.0 = 17|Any CPU
		{2DCE583D-2867-4A7D-AB61-2B09DA6CE8BE}.17|Any CPU.ActiveCfg = 17|Any CPU
		{2DCE583D-2867-4A7D-AB61-2B09DA6CE8BE}.17|Any CPU.Build.0 = 17|Any CPU
		{2DCE583D-2867-4A7D-AB61-2B09DA6CE8BE}.17|Mixed Platforms.ActiveCfg = 17|Any CPU
		{2DCE583D-2867-4A7D-AB61-2B09DA6CE8BE}.17|Mixed Platforms.Build.0 = 17|Any CPU
		{2DCE583D-2867-4A7D-AB61-2B09DA6CE8BE}.17|x64.ActiveCfg = 17|Any CPU
		{2DCE583D-2867-4A7D-AB61-2B09DA6CE8BE}.17|x64.Build.0 = 17|Any CPU
		{2DCE583D-2867-4A7D-AB61-2B09DA6CE8BE}.Debug|.NET.ActiveCfg = Debug|Any CPU
		{2DCE583D-2867-4A7D-AB61-2B09DA6CE8BE}.Debug|.NET.Build.0 = Debug|Any CPU
		{2DCE583D-2867-4A7D-AB61-2B09DA6CE8BE}.Debug|Any CPU.ActiveCfg = Debug|Any CPU
		{2DCE583D-2867-4A7D-AB61-2B09DA6CE8BE}.Debug|Any CPU.Build.0 = Debug|Any CPU
		{2DCE583D-2867-4A7D-AB61-2B09DA6CE8BE}.Debug|Mixed Platforms.ActiveCfg = Debug|Any CPU
		{2DCE583D-2867-4A7D-AB61-2B09DA6CE8BE}.Debug|Mixed Platforms.Build.0 = Debug|Any CPU
		{2DCE583D-2867-4A7D-AB61-2B09DA6CE8BE}.Debug|x64.ActiveCfg = Debug|Any CPU
		{2DCE583D-2867-4A7D-AB61-2B09DA6CE8BE}.Debug|x64.Build.0 = Debug|Any CPU
		{2DCE583D-2867-4A7D-AB61-2B09DA6CE8BE}.Release|.NET.ActiveCfg = Release|Any CPU
		{2DCE583D-2867-4A7D-AB61-2B09DA6CE8BE}.Release|.NET.Build.0 = Release|Any CPU
		{2DCE583D-2867-4A7D-AB61-2B09DA6CE8BE}.Release|Any CPU.ActiveCfg = Release|Any CPU
		{2DCE583D-2867-4A7D-AB61-2B09DA6CE8BE}.Release|Any CPU.Build.0 = Release|Any CPU
		{2DCE583D-2867-4A7D-AB61-2B09DA6CE8BE}.Release|Mixed Platforms.ActiveCfg = Release|Any CPU
		{2DCE583D-2867-4A7D-AB61-2B09DA6CE8BE}.Release|Mixed Platforms.Build.0 = Release|Any CPU
		{2DCE583D-2867-4A7D-AB61-2B09DA6CE8BE}.Release|x64.ActiveCfg = Release|Any CPU
		{2DCE583D-2867-4A7D-AB61-2B09DA6CE8BE}.Release|x64.Build.0 = Release|Any CPU
		{2DCE583D-2867-4A7D-AB61-2B09DA6CE8BE}.test|.NET.ActiveCfg = Test|Any CPU
		{2DCE583D-2867-4A7D-AB61-2B09DA6CE8BE}.test|.NET.Build.0 = Test|Any CPU
		{2DCE583D-2867-4A7D-AB61-2B09DA6CE8BE}.test|Any CPU.ActiveCfg = Test|Any CPU
		{2DCE583D-2867-4A7D-AB61-2B09DA6CE8BE}.test|Any CPU.Build.0 = Test|Any CPU
		{2DCE583D-2867-4A7D-AB61-2B09DA6CE8BE}.test|Mixed Platforms.ActiveCfg = Test|Any CPU
		{2DCE583D-2867-4A7D-AB61-2B09DA6CE8BE}.test|Mixed Platforms.Build.0 = Test|Any CPU
		{2DCE583D-2867-4A7D-AB61-2B09DA6CE8BE}.test|x64.ActiveCfg = Test|Any CPU
		{2DCE583D-2867-4A7D-AB61-2B09DA6CE8BE}.test|x64.Build.0 = Test|Any CPU
		{2DCE583D-2867-4A7D-AB61-2B09DA6CE8BE}.wenwanren.17.config|.NET.ActiveCfg = 17|Any CPU
		{2DCE583D-2867-4A7D-AB61-2B09DA6CE8BE}.wenwanren.17.config|.NET.Build.0 = 17|Any CPU
		{2DCE583D-2867-4A7D-AB61-2B09DA6CE8BE}.wenwanren.17.config|Any CPU.ActiveCfg = 17|Any CPU
		{2DCE583D-2867-4A7D-AB61-2B09DA6CE8BE}.wenwanren.17.config|Any CPU.Build.0 = 17|Any CPU
		{2DCE583D-2867-4A7D-AB61-2B09DA6CE8BE}.wenwanren.17.config|Mixed Platforms.ActiveCfg = 17|Any CPU
		{2DCE583D-2867-4A7D-AB61-2B09DA6CE8BE}.wenwanren.17.config|Mixed Platforms.Build.0 = 17|Any CPU
		{2DCE583D-2867-4A7D-AB61-2B09DA6CE8BE}.wenwanren.17.config|x64.ActiveCfg = 17|Any CPU
		{2DCE583D-2867-4A7D-AB61-2B09DA6CE8BE}.wenwanren.17.config|x64.Build.0 = 17|Any CPU
		{59FA4E96-4242-45CF-85AD-2EC2504CBC00}.17|.NET.ActiveCfg = 17|Any CPU
		{59FA4E96-4242-45CF-85AD-2EC2504CBC00}.17|.NET.Build.0 = 17|Any CPU
		{59FA4E96-4242-45CF-85AD-2EC2504CBC00}.17|Any CPU.ActiveCfg = 17|Any CPU
		{59FA4E96-4242-45CF-85AD-2EC2504CBC00}.17|Any CPU.Build.0 = 17|Any CPU
		{59FA4E96-4242-45CF-85AD-2EC2504CBC00}.17|Mixed Platforms.ActiveCfg = 17|Any CPU
		{59FA4E96-4242-45CF-85AD-2EC2504CBC00}.17|Mixed Platforms.Build.0 = 17|Any CPU
		{59FA4E96-4242-45CF-85AD-2EC2504CBC00}.17|x64.ActiveCfg = 17|Any CPU
		{59FA4E96-4242-45CF-85AD-2EC2504CBC00}.17|x64.Build.0 = 17|Any CPU
		{59FA4E96-4242-45CF-85AD-2EC2504CBC00}.Debug|.NET.ActiveCfg = Debug|Any CPU
		{59FA4E96-4242-45CF-85AD-2EC2504CBC00}.Debug|.NET.Build.0 = Debug|Any CPU
		{59FA4E96-4242-45CF-85AD-2EC2504CBC00}.Debug|Any CPU.ActiveCfg = Debug|Any CPU
		{59FA4E96-4242-45CF-85AD-2EC2504CBC00}.Debug|Any CPU.Build.0 = Debug|Any CPU
		{59FA4E96-4242-45CF-85AD-2EC2504CBC00}.Debug|Mixed Platforms.ActiveCfg = Debug|Any CPU
		{59FA4E96-4242-45CF-85AD-2EC2504CBC00}.Debug|Mixed Platforms.Build.0 = Debug|Any CPU
		{59FA4E96-4242-45CF-85AD-2EC2504CBC00}.Debug|x64.ActiveCfg = Debug|Any CPU
		{59FA4E96-4242-45CF-85AD-2EC2504CBC00}.Debug|x64.Build.0 = Debug|Any CPU
		{59FA4E96-4242-45CF-85AD-2EC2504CBC00}.Release|.NET.ActiveCfg = Release|Any CPU
		{59FA4E96-4242-45CF-85AD-2EC2504CBC00}.Release|.NET.Build.0 = Release|Any CPU
		{59FA4E96-4242-45CF-85AD-2EC2504CBC00}.Release|Any CPU.ActiveCfg = Release|Any CPU
		{59FA4E96-4242-45CF-85AD-2EC2504CBC00}.Release|Any CPU.Build.0 = Release|Any CPU
		{59FA4E96-4242-45CF-85AD-2EC2504CBC00}.Release|Mixed Platforms.ActiveCfg = Release|Any CPU
		{59FA4E96-4242-45CF-85AD-2EC2504CBC00}.Release|Mixed Platforms.Build.0 = Release|Any CPU
		{59FA4E96-4242-45CF-85AD-2EC2504CBC00}.Release|x64.ActiveCfg = Release|Any CPU
		{59FA4E96-4242-45CF-85AD-2EC2504CBC00}.Release|x64.Build.0 = Release|Any CPU
		{59FA4E96-4242-45CF-85AD-2EC2504CBC00}.test|.NET.ActiveCfg = Test|Any CPU
		{59FA4E96-4242-45CF-85AD-2EC2504CBC00}.test|.NET.Build.0 = Test|Any CPU
		{59FA4E96-4242-45CF-85AD-2EC2504CBC00}.test|Any CPU.ActiveCfg = Test|Any CPU
		{59FA4E96-4242-45CF-85AD-2EC2504CBC00}.test|Any CPU.Build.0 = Test|Any CPU
		{59FA4E96-4242-45CF-85AD-2EC2504CBC00}.test|Mixed Platforms.ActiveCfg = Test|Any CPU
		{59FA4E96-4242-45CF-85AD-2EC2504CBC00}.test|Mixed Platforms.Build.0 = Test|Any CPU
		{59FA4E96-4242-45CF-85AD-2EC2504CBC00}.test|x64.ActiveCfg = Test|Any CPU
		{59FA4E96-4242-45CF-85AD-2EC2504CBC00}.test|x64.Build.0 = Test|Any CPU
		{59FA4E96-4242-45CF-85AD-2EC2504CBC00}.wenwanren.17.config|.NET.ActiveCfg = 17|Any CPU
		{59FA4E96-4242-45CF-85AD-2EC2504CBC00}.wenwanren.17.config|.NET.Build.0 = 17|Any CPU
		{59FA4E96-4242-45CF-85AD-2EC2504CBC00}.wenwanren.17.config|Any CPU.ActiveCfg = 17|Any CPU
		{59FA4E96-4242-45CF-85AD-2EC2504CBC00}.wenwanren.17.config|Any CPU.Build.0 = 17|Any CPU
		{59FA4E96-4242-45CF-85AD-2EC2504CBC00}.wenwanren.17.config|Mixed Platforms.ActiveCfg = 17|Any CPU
		{59FA4E96-4242-45CF-85AD-2EC2504CBC00}.wenwanren.17.config|Mixed Platforms.Build.0 = 17|Any CPU
		{59FA4E96-4242-45CF-85AD-2EC2504CBC00}.wenwanren.17.config|x64.ActiveCfg = 17|Any CPU
		{59FA4E96-4242-45CF-85AD-2EC2504CBC00}.wenwanren.17.config|x64.Build.0 = 17|Any CPU
		{EBA4A369-94A2-427C-8358-6E48094FDC98}.17|.NET.ActiveCfg = 17|Any CPU
		{EBA4A369-94A2-427C-8358-6E48094FDC98}.17|.NET.Build.0 = 17|Any CPU
		{EBA4A369-94A2-427C-8358-6E48094FDC98}.17|Any CPU.ActiveCfg = 17|Any CPU
		{EBA4A369-94A2-427C-8358-6E48094FDC98}.17|Any CPU.Build.0 = 17|Any CPU
		{EBA4A369-94A2-427C-8358-6E48094FDC98}.17|Mixed Platforms.ActiveCfg = 17|Any CPU
		{EBA4A369-94A2-427C-8358-6E48094FDC98}.17|Mixed Platforms.Build.0 = 17|Any CPU
		{EBA4A369-94A2-427C-8358-6E48094FDC98}.17|x64.ActiveCfg = 17|Any CPU
		{EBA4A369-94A2-427C-8358-6E48094FDC98}.17|x64.Build.0 = 17|Any CPU
		{EBA4A369-94A2-427C-8358-6E48094FDC98}.Debug|.NET.ActiveCfg = Debug|Any CPU
		{EBA4A369-94A2-427C-8358-6E48094FDC98}.Debug|.NET.Build.0 = Debug|Any CPU
		{EBA4A369-94A2-427C-8358-6E48094FDC98}.Debug|Any CPU.ActiveCfg = Debug|Any CPU
		{EBA4A369-94A2-427C-8358-6E48094FDC98}.Debug|Any CPU.Build.0 = Debug|Any CPU
		{EBA4A369-94A2-427C-8358-6E48094FDC98}.Debug|Mixed Platforms.ActiveCfg = Debug|Any CPU
		{EBA4A369-94A2-427C-8358-6E48094FDC98}.Debug|Mixed Platforms.Build.0 = Debug|Any CPU
		{EBA4A369-94A2-427C-8358-6E48094FDC98}.Debug|x64.ActiveCfg = Debug|Any CPU
		{EBA4A369-94A2-427C-8358-6E48094FDC98}.Debug|x64.Build.0 = Debug|Any CPU
		{EBA4A369-94A2-427C-8358-6E48094FDC98}.Release|.NET.ActiveCfg = Release|Any CPU
		{EBA4A369-94A2-427C-8358-6E48094FDC98}.Release|.NET.Build.0 = Release|Any CPU
		{EBA4A369-94A2-427C-8358-6E48094FDC98}.Release|Any CPU.ActiveCfg = Release|Any CPU
		{EBA4A369-94A2-427C-8358-6E48094FDC98}.Release|Any CPU.Build.0 = Release|Any CPU
		{EBA4A369-94A2-427C-8358-6E48094FDC98}.Release|Mixed Platforms.ActiveCfg = Release|Any CPU
		{EBA4A369-94A2-427C-8358-6E48094FDC98}.Release|Mixed Platforms.Build.0 = Release|Any CPU
		{EBA4A369-94A2-427C-8358-6E48094FDC98}.Release|x64.ActiveCfg = Release|Any CPU
		{EBA4A369-94A2-427C-8358-6E48094FDC98}.Release|x64.Build.0 = Release|Any CPU
		{EBA4A369-94A2-427C-8358-6E48094FDC98}.test|.NET.ActiveCfg = Test|Any CPU
		{EBA4A369-94A2-427C-8358-6E48094FDC98}.test|.NET.Build.0 = Test|Any CPU
		{EBA4A369-94A2-427C-8358-6E48094FDC98}.test|Any CPU.ActiveCfg = Test|Any CPU
		{EBA4A369-94A2-427C-8358-6E48094FDC98}.test|Any CPU.Build.0 = Test|Any CPU
		{EBA4A369-94A2-427C-8358-6E48094FDC98}.test|Mixed Platforms.ActiveCfg = Test|Any CPU
		{EBA4A369-94A2-427C-8358-6E48094FDC98}.test|Mixed Platforms.Build.0 = Test|Any CPU
		{EBA4A369-94A2-427C-8358-6E48094FDC98}.test|x64.ActiveCfg = Test|Any CPU
		{EBA4A369-94A2-427C-8358-6E48094FDC98}.test|x64.Build.0 = Test|Any CPU
		{EBA4A369-94A2-427C-8358-6E48094FDC98}.wenwanren.17.config|.NET.ActiveCfg = 17|Any CPU
		{EBA4A369-94A2-427C-8358-6E48094FDC98}.wenwanren.17.config|.NET.Build.0 = 17|Any CPU
		{EBA4A369-94A2-427C-8358-6E48094FDC98}.wenwanren.17.config|Any CPU.ActiveCfg = 17|Any CPU
		{EBA4A369-94A2-427C-8358-6E48094FDC98}.wenwanren.17.config|Any CPU.Build.0 = 17|Any CPU
		{EBA4A369-94A2-427C-8358-6E48094FDC98}.wenwanren.17.config|Mixed Platforms.ActiveCfg = 17|Any CPU
		{EBA4A369-94A2-427C-8358-6E48094FDC98}.wenwanren.17.config|Mixed Platforms.Build.0 = 17|Any CPU
		{EBA4A369-94A2-427C-8358-6E48094FDC98}.wenwanren.17.config|x64.ActiveCfg = 17|Any CPU
		{EBA4A369-94A2-427C-8358-6E48094FDC98}.wenwanren.17.config|x64.Build.0 = 17|Any CPU
		{F33F212C-9CEE-4302-8E08-0A03EFBF4B6F}.17|.NET.ActiveCfg = 17|Any CPU
		{F33F212C-9CEE-4302-8E08-0A03EFBF4B6F}.17|.NET.Build.0 = 17|Any CPU
		{F33F212C-9CEE-4302-8E08-0A03EFBF4B6F}.17|Any CPU.ActiveCfg = 17|Any CPU
		{F33F212C-9CEE-4302-8E08-0A03EFBF4B6F}.17|Any CPU.Build.0 = 17|Any CPU
		{F33F212C-9CEE-4302-8E08-0A03EFBF4B6F}.17|Mixed Platforms.ActiveCfg = 17|Any CPU
		{F33F212C-9CEE-4302-8E08-0A03EFBF4B6F}.17|Mixed Platforms.Build.0 = 17|Any CPU
		{F33F212C-9CEE-4302-8E08-0A03EFBF4B6F}.17|x64.ActiveCfg = 17|Any CPU
		{F33F212C-9CEE-4302-8E08-0A03EFBF4B6F}.17|x64.Build.0 = 17|Any CPU
		{F33F212C-9CEE-4302-8E08-0A03EFBF4B6F}.Debug|.NET.ActiveCfg = Debug|Any CPU
		{F33F212C-9CEE-4302-8E08-0A03EFBF4B6F}.Debug|.NET.Build.0 = Debug|Any CPU
		{F33F212C-9CEE-4302-8E08-0A03EFBF4B6F}.Debug|Any CPU.ActiveCfg = Debug|Any CPU
		{F33F212C-9CEE-4302-8E08-0A03EFBF4B6F}.Debug|Any CPU.Build.0 = Debug|Any CPU
		{F33F212C-9CEE-4302-8E08-0A03EFBF4B6F}.Debug|Mixed Platforms.ActiveCfg = Debug|Any CPU
		{F33F212C-9CEE-4302-8E08-0A03EFBF4B6F}.Debug|Mixed Platforms.Build.0 = Debug|Any CPU
		{F33F212C-9CEE-4302-8E08-0A03EFBF4B6F}.Debug|x64.ActiveCfg = Debug|Any CPU
		{F33F212C-9CEE-4302-8E08-0A03EFBF4B6F}.Debug|x64.Build.0 = Debug|Any CPU
		{F33F212C-9CEE-4302-8E08-0A03EFBF4B6F}.Release|.NET.ActiveCfg = Release|Any CPU
		{F33F212C-9CEE-4302-8E08-0A03EFBF4B6F}.Release|.NET.Build.0 = Release|Any CPU
		{F33F212C-9CEE-4302-8E08-0A03EFBF4B6F}.Release|Any CPU.ActiveCfg = Release|Any CPU
		{F33F212C-9CEE-4302-8E08-0A03EFBF4B6F}.Release|Any CPU.Build.0 = Release|Any CPU
		{F33F212C-9CEE-4302-8E08-0A03EFBF4B6F}.Release|Mixed Platforms.ActiveCfg = Release|Any CPU
		{F33F212C-9CEE-4302-8E08-0A03EFBF4B6F}.Release|Mixed Platforms.Build.0 = Release|Any CPU
		{F33F212C-9CEE-4302-8E08-0A03EFBF4B6F}.Release|x64.ActiveCfg = Release|Any CPU
		{F33F212C-9CEE-4302-8E08-0A03EFBF4B6F}.Release|x64.Build.0 = Release|Any CPU
		{F33F212C-9CEE-4302-8E08-0A03EFBF4B6F}.test|.NET.ActiveCfg = Test|Any CPU
		{F33F212C-9CEE-4302-8E08-0A03EFBF4B6F}.test|.NET.Build.0 = Test|Any CPU
		{F33F212C-9CEE-4302-8E08-0A03EFBF4B6F}.test|Any CPU.ActiveCfg = Test|Any CPU
		{F33F212C-9CEE-4302-8E08-0A03EFBF4B6F}.test|Any CPU.Build.0 = Test|Any CPU
		{F33F212C-9CEE-4302-8E08-0A03EFBF4B6F}.test|Mixed Platforms.ActiveCfg = Test|Any CPU
		{F33F212C-9CEE-4302-8E08-0A03EFBF4B6F}.test|Mixed Platforms.Build.0 = Test|Any CPU
		{F33F212C-9CEE-4302-8E08-0A03EFBF4B6F}.test|x64.ActiveCfg = Test|Any CPU
		{F33F212C-9CEE-4302-8E08-0A03EFBF4B6F}.test|x64.Build.0 = Test|Any CPU
		{F33F212C-9CEE-4302-8E08-0A03EFBF4B6F}.wenwanren.17.config|.NET.ActiveCfg = 17|Any CPU
		{F33F212C-9CEE-4302-8E08-0A03EFBF4B6F}.wenwanren.17.config|.NET.Build.0 = 17|Any CPU
		{F33F212C-9CEE-4302-8E08-0A03EFBF4B6F}.wenwanren.17.config|Any CPU.ActiveCfg = 17|Any CPU
		{F33F212C-9CEE-4302-8E08-0A03EFBF4B6F}.wenwanren.17.config|Any CPU.Build.0 = 17|Any CPU
		{F33F212C-9CEE-4302-8E08-0A03EFBF4B6F}.wenwanren.17.config|Mixed Platforms.ActiveCfg = 17|Any CPU
		{F33F212C-9CEE-4302-8E08-0A03EFBF4B6F}.wenwanren.17.config|Mixed Platforms.Build.0 = 17|Any CPU
		{F33F212C-9CEE-4302-8E08-0A03EFBF4B6F}.wenwanren.17.config|x64.ActiveCfg = 17|Any CPU
		{F33F212C-9CEE-4302-8E08-0A03EFBF4B6F}.wenwanren.17.config|x64.Build.0 = 17|Any CPU
		{4C5340A3-F247-414B-9E65-01721C5EE273}.17|.NET.ActiveCfg = 17|Any CPU
		{4C5340A3-F247-414B-9E65-01721C5EE273}.17|.NET.Build.0 = 17|Any CPU
		{4C5340A3-F247-414B-9E65-01721C5EE273}.17|Any CPU.ActiveCfg = 17|Any CPU
		{4C5340A3-F247-414B-9E65-01721C5EE273}.17|Any CPU.Build.0 = 17|Any CPU
		{4C5340A3-F247-414B-9E65-01721C5EE273}.17|Mixed Platforms.ActiveCfg = 17|Any CPU
		{4C5340A3-F247-414B-9E65-01721C5EE273}.17|Mixed Platforms.Build.0 = 17|Any CPU
		{4C5340A3-F247-414B-9E65-01721C5EE273}.17|x64.ActiveCfg = 17|Any CPU
		{4C5340A3-F247-414B-9E65-01721C5EE273}.17|x64.Build.0 = 17|Any CPU
		{4C5340A3-F247-414B-9E65-01721C5EE273}.Debug|.NET.ActiveCfg = Debug|Any CPU
		{4C5340A3-F247-414B-9E65-01721C5EE273}.Debug|.NET.Build.0 = Debug|Any CPU
		{4C5340A3-F247-414B-9E65-01721C5EE273}.Debug|Any CPU.ActiveCfg = Debug|Any CPU
		{4C5340A3-F247-414B-9E65-01721C5EE273}.Debug|Any CPU.Build.0 = Debug|Any CPU
		{4C5340A3-F247-414B-9E65-01721C5EE273}.Debug|Mixed Platforms.ActiveCfg = Debug|Any CPU
		{4C5340A3-F247-414B-9E65-01721C5EE273}.Debug|Mixed Platforms.Build.0 = Debug|Any CPU
		{4C5340A3-F247-414B-9E65-01721C5EE273}.Debug|x64.ActiveCfg = Debug|Any CPU
		{4C5340A3-F247-414B-9E65-01721C5EE273}.Debug|x64.Build.0 = Debug|Any CPU
		{4C5340A3-F247-414B-9E65-01721C5EE273}.Release|.NET.ActiveCfg = Release|Any CPU
		{4C5340A3-F247-414B-9E65-01721C5EE273}.Release|.NET.Build.0 = Release|Any CPU
		{4C5340A3-F247-414B-9E65-01721C5EE273}.Release|Any CPU.ActiveCfg = Release|Any CPU
		{4C5340A3-F247-414B-9E65-01721C5EE273}.Release|Any CPU.Build.0 = Release|Any CPU
		{4C5340A3-F247-414B-9E65-01721C5EE273}.Release|Mixed Platforms.ActiveCfg = Release|Any CPU
		{4C5340A3-F247-414B-9E65-01721C5EE273}.Release|Mixed Platforms.Build.0 = Release|Any CPU
		{4C5340A3-F247-414B-9E65-01721C5EE273}.Release|x64.ActiveCfg = Release|Any CPU
		{4C5340A3-F247-414B-9E65-01721C5EE273}.Release|x64.Build.0 = Release|Any CPU
		{4C5340A3-F247-414B-9E65-01721C5EE273}.test|.NET.ActiveCfg = Test|Any CPU
		{4C5340A3-F247-414B-9E65-01721C5EE273}.test|.NET.Build.0 = Test|Any CPU
		{4C5340A3-F247-414B-9E65-01721C5EE273}.test|Any CPU.ActiveCfg = Test|Any CPU
		{4C5340A3-F247-414B-9E65-01721C5EE273}.test|Any CPU.Build.0 = Test|Any CPU
		{4C5340A3-F247-414B-9E65-01721C5EE273}.test|Mixed Platforms.ActiveCfg = Test|Any CPU
		{4C5340A3-F247-414B-9E65-01721C5EE273}.test|Mixed Platforms.Build.0 = Test|Any CPU
		{4C5340A3-F247-414B-9E65-01721C5EE273}.test|x64.ActiveCfg = Test|Any CPU
		{4C5340A3-F247-414B-9E65-01721C5EE273}.test|x64.Build.0 = Test|Any CPU
		{4C5340A3-F247-414B-9E65-01721C5EE273}.wenwanren.17.config|.NET.ActiveCfg = 17|Any CPU
		{4C5340A3-F247-414B-9E65-01721C5EE273}.wenwanren.17.config|.NET.Build.0 = 17|Any CPU
		{4C5340A3-F247-414B-9E65-01721C5EE273}.wenwanren.17.config|Any CPU.ActiveCfg = 17|Any CPU
		{4C5340A3-F247-414B-9E65-01721C5EE273}.wenwanren.17.config|Any CPU.Build.0 = 17|Any CPU
		{4C5340A3-F247-414B-9E65-01721C5EE273}.wenwanren.17.config|Mixed Platforms.ActiveCfg = 17|Any CPU
		{4C5340A3-F247-414B-9E65-01721C5EE273}.wenwanren.17.config|Mixed Platforms.Build.0 = 17|Any CPU
		{4C5340A3-F247-414B-9E65-01721C5EE273}.wenwanren.17.config|x64.ActiveCfg = 17|Any CPU
		{4C5340A3-F247-414B-9E65-01721C5EE273}.wenwanren.17.config|x64.Build.0 = 17|Any CPU
		{AC340AE9-025F-404A-888B-475D6506ED16}.17|.NET.ActiveCfg = 17|Any CPU
		{AC340AE9-025F-404A-888B-475D6506ED16}.17|.NET.Build.0 = 17|Any CPU
		{AC340AE9-025F-404A-888B-475D6506ED16}.17|Any CPU.ActiveCfg = 17|Any CPU
		{AC340AE9-025F-404A-888B-475D6506ED16}.17|Any CPU.Build.0 = 17|Any CPU
		{AC340AE9-025F-404A-888B-475D6506ED16}.17|Mixed Platforms.ActiveCfg = 17|Any CPU
		{AC340AE9-025F-404A-888B-475D6506ED16}.17|Mixed Platforms.Build.0 = 17|Any CPU
		{AC340AE9-025F-404A-888B-475D6506ED16}.17|x64.ActiveCfg = 17|Any CPU
		{AC340AE9-025F-404A-888B-475D6506ED16}.17|x64.Build.0 = 17|Any CPU
		{AC340AE9-025F-404A-888B-475D6506ED16}.Debug|.NET.ActiveCfg = Debug|Any CPU
		{AC340AE9-025F-404A-888B-475D6506ED16}.Debug|.NET.Build.0 = Debug|Any CPU
		{AC340AE9-025F-404A-888B-475D6506ED16}.Debug|Any CPU.ActiveCfg = Debug|Any CPU
		{AC340AE9-025F-404A-888B-475D6506ED16}.Debug|Any CPU.Build.0 = Debug|Any CPU
		{AC340AE9-025F-404A-888B-475D6506ED16}.Debug|Mixed Platforms.ActiveCfg = Debug|Any CPU
		{AC340AE9-025F-404A-888B-475D6506ED16}.Debug|Mixed Platforms.Build.0 = Debug|Any CPU
		{AC340AE9-025F-404A-888B-475D6506ED16}.Debug|x64.ActiveCfg = Debug|Any CPU
		{AC340AE9-025F-404A-888B-475D6506ED16}.Debug|x64.Build.0 = Debug|Any CPU
		{AC340AE9-025F-404A-888B-475D6506ED16}.Release|.NET.ActiveCfg = Release|Any CPU
		{AC340AE9-025F-404A-888B-475D6506ED16}.Release|.NET.Build.0 = Release|Any CPU
		{AC340AE9-025F-404A-888B-475D6506ED16}.Release|Any CPU.ActiveCfg = Release|Any CPU
		{AC340AE9-025F-404A-888B-475D6506ED16}.Release|Any CPU.Build.0 = Release|Any CPU
		{AC340AE9-025F-404A-888B-475D6506ED16}.Release|Mixed Platforms.ActiveCfg = Release|Any CPU
		{AC340AE9-025F-404A-888B-475D6506ED16}.Release|Mixed Platforms.Build.0 = Release|Any CPU
		{AC340AE9-025F-404A-888B-475D6506ED16}.Release|x64.ActiveCfg = Release|Any CPU
		{AC340AE9-025F-404A-888B-475D6506ED16}.Release|x64.Build.0 = Release|Any CPU
		{AC340AE9-025F-404A-888B-475D6506ED16}.test|.NET.ActiveCfg = Test|Any CPU
		{AC340AE9-025F-404A-888B-475D6506ED16}.test|.NET.Build.0 = Test|Any CPU
		{AC340AE9-025F-404A-888B-475D6506ED16}.test|Any CPU.ActiveCfg = Test|Any CPU
		{AC340AE9-025F-404A-888B-475D6506ED16}.test|Any CPU.Build.0 = Test|Any CPU
		{AC340AE9-025F-404A-888B-475D6506ED16}.test|Mixed Platforms.ActiveCfg = Test|Any CPU
		{AC340AE9-025F-404A-888B-475D6506ED16}.test|Mixed Platforms.Build.0 = Test|Any CPU
		{AC340AE9-025F-404A-888B-475D6506ED16}.test|x64.ActiveCfg = Test|Any CPU
		{AC340AE9-025F-404A-888B-475D6506ED16}.test|x64.Build.0 = Test|Any CPU
		{AC340AE9-025F-404A-888B-475D6506ED16}.wenwanren.17.config|.NET.ActiveCfg = 17|Any CPU
		{AC340AE9-025F-404A-888B-475D6506ED16}.wenwanren.17.config|.NET.Build.0 = 17|Any CPU
		{AC340AE9-025F-404A-888B-475D6506ED16}.wenwanren.17.config|Any CPU.ActiveCfg = 17|Any CPU
		{AC340AE9-025F-404A-888B-475D6506ED16}.wenwanren.17.config|Any CPU.Build.0 = 17|Any CPU
		{AC340AE9-025F-404A-888B-475D6506ED16}.wenwanren.17.config|Mixed Platforms.ActiveCfg = 17|Any CPU
		{AC340AE9-025F-404A-888B-475D6506ED16}.wenwanren.17.config|Mixed Platforms.Build.0 = 17|Any CPU
		{AC340AE9-025F-404A-888B-475D6506ED16}.wenwanren.17.config|x64.ActiveCfg = 17|Any CPU
		{AC340AE9-025F-404A-888B-475D6506ED16}.wenwanren.17.config|x64.Build.0 = 17|Any CPU
		{F2841C9D-2ABE-46BF-8ACE-8D81273388C9}.17|.NET.ActiveCfg = 17|Any CPU
		{F2841C9D-2ABE-46BF-8ACE-8D81273388C9}.17|.NET.Build.0 = 17|Any CPU
		{F2841C9D-2ABE-46BF-8ACE-8D81273388C9}.17|Any CPU.ActiveCfg = 17|Any CPU
		{F2841C9D-2ABE-46BF-8ACE-8D81273388C9}.17|Any CPU.Build.0 = 17|Any CPU
		{F2841C9D-2ABE-46BF-8ACE-8D81273388C9}.17|Mixed Platforms.ActiveCfg = 17|Any CPU
		{F2841C9D-2ABE-46BF-8ACE-8D81273388C9}.17|Mixed Platforms.Build.0 = 17|Any CPU
		{F2841C9D-2ABE-46BF-8ACE-8D81273388C9}.17|x64.ActiveCfg = 17|Any CPU
		{F2841C9D-2ABE-46BF-8ACE-8D81273388C9}.17|x64.Build.0 = 17|Any CPU
		{F2841C9D-2ABE-46BF-8ACE-8D81273388C9}.Debug|.NET.ActiveCfg = Debug|Any CPU
		{F2841C9D-2ABE-46BF-8ACE-8D81273388C9}.Debug|.NET.Build.0 = Debug|Any CPU
		{F2841C9D-2ABE-46BF-8ACE-8D81273388C9}.Debug|Any CPU.ActiveCfg = Debug|Any CPU
		{F2841C9D-2ABE-46BF-8ACE-8D81273388C9}.Debug|Any CPU.Build.0 = Debug|Any CPU
		{F2841C9D-2ABE-46BF-8ACE-8D81273388C9}.Debug|Mixed Platforms.ActiveCfg = Debug|Any CPU
		{F2841C9D-2ABE-46BF-8ACE-8D81273388C9}.Debug|Mixed Platforms.Build.0 = Debug|Any CPU
		{F2841C9D-2ABE-46BF-8ACE-8D81273388C9}.Debug|x64.ActiveCfg = Debug|Any CPU
		{F2841C9D-2ABE-46BF-8ACE-8D81273388C9}.Debug|x64.Build.0 = Debug|Any CPU
		{F2841C9D-2ABE-46BF-8ACE-8D81273388C9}.Release|.NET.ActiveCfg = Release|Any CPU
		{F2841C9D-2ABE-46BF-8ACE-8D81273388C9}.Release|.NET.Build.0 = Release|Any CPU
		{F2841C9D-2ABE-46BF-8ACE-8D81273388C9}.Release|Any CPU.ActiveCfg = Release|Any CPU
		{F2841C9D-2ABE-46BF-8ACE-8D81273388C9}.Release|Any CPU.Build.0 = Release|Any CPU
		{F2841C9D-2ABE-46BF-8ACE-8D81273388C9}.Release|Mixed Platforms.ActiveCfg = Release|Any CPU
		{F2841C9D-2ABE-46BF-8ACE-8D81273388C9}.Release|Mixed Platforms.Build.0 = Release|Any CPU
		{F2841C9D-2ABE-46BF-8ACE-8D81273388C9}.Release|x64.ActiveCfg = Release|Any CPU
		{F2841C9D-2ABE-46BF-8ACE-8D81273388C9}.Release|x64.Build.0 = Release|Any CPU
		{F2841C9D-2ABE-46BF-8ACE-8D81273388C9}.test|.NET.ActiveCfg = Test|Any CPU
		{F2841C9D-2ABE-46BF-8ACE-8D81273388C9}.test|.NET.Build.0 = Test|Any CPU
		{F2841C9D-2ABE-46BF-8ACE-8D81273388C9}.test|Any CPU.ActiveCfg = Test|Any CPU
		{F2841C9D-2ABE-46BF-8ACE-8D81273388C9}.test|Any CPU.Build.0 = Test|Any CPU
		{F2841C9D-2ABE-46BF-8ACE-8D81273388C9}.test|Mixed Platforms.ActiveCfg = Test|Any CPU
		{F2841C9D-2ABE-46BF-8ACE-8D81273388C9}.test|Mixed Platforms.Build.0 = Test|Any CPU
		{F2841C9D-2ABE-46BF-8ACE-8D81273388C9}.test|x64.ActiveCfg = Test|Any CPU
		{F2841C9D-2ABE-46BF-8ACE-8D81273388C9}.test|x64.Build.0 = Test|Any CPU
		{F2841C9D-2ABE-46BF-8ACE-8D81273388C9}.wenwanren.17.config|.NET.ActiveCfg = 17|Any CPU
		{F2841C9D-2ABE-46BF-8ACE-8D81273388C9}.wenwanren.17.config|.NET.Build.0 = 17|Any CPU
		{F2841C9D-2ABE-46BF-8ACE-8D81273388C9}.wenwanren.17.config|Any CPU.ActiveCfg = 17|Any CPU
		{F2841C9D-2ABE-46BF-8ACE-8D81273388C9}.wenwanren.17.config|Any CPU.Build.0 = 17|Any CPU
		{F2841C9D-2ABE-46BF-8ACE-8D81273388C9}.wenwanren.17.config|Mixed Platforms.ActiveCfg = 17|Any CPU
		{F2841C9D-2ABE-46BF-8ACE-8D81273388C9}.wenwanren.17.config|Mixed Platforms.Build.0 = 17|Any CPU
		{F2841C9D-2ABE-46BF-8ACE-8D81273388C9}.wenwanren.17.config|x64.ActiveCfg = 17|Any CPU
		{F2841C9D-2ABE-46BF-8ACE-8D81273388C9}.wenwanren.17.config|x64.Build.0 = 17|Any CPU
		{23D76FD9-3C3A-4B09-8587-8E68166D3934}.17|.NET.ActiveCfg = Release|Any CPU
		{23D76FD9-3C3A-4B09-8587-8E68166D3934}.17|.NET.Build.0 = Release|Any CPU
		{23D76FD9-3C3A-4B09-8587-8E68166D3934}.17|Any CPU.ActiveCfg = Release|Any CPU
		{23D76FD9-3C3A-4B09-8587-8E68166D3934}.17|Any CPU.Build.0 = Release|Any CPU
		{23D76FD9-3C3A-4B09-8587-8E68166D3934}.17|Mixed Platforms.ActiveCfg = Release|Any CPU
		{23D76FD9-3C3A-4B09-8587-8E68166D3934}.17|Mixed Platforms.Build.0 = Release|Any CPU
		{23D76FD9-3C3A-4B09-8587-8E68166D3934}.17|x64.ActiveCfg = Release|Any CPU
		{23D76FD9-3C3A-4B09-8587-8E68166D3934}.17|x64.Build.0 = Release|Any CPU
		{23D76FD9-3C3A-4B09-8587-8E68166D3934}.Debug|.NET.ActiveCfg = Debug|Any CPU
		{23D76FD9-3C3A-4B09-8587-8E68166D3934}.Debug|.NET.Build.0 = Debug|Any CPU
		{23D76FD9-3C3A-4B09-8587-8E68166D3934}.Debug|Any CPU.ActiveCfg = Debug|Any CPU
		{23D76FD9-3C3A-4B09-8587-8E68166D3934}.Debug|Any CPU.Build.0 = Debug|Any CPU
		{23D76FD9-3C3A-4B09-8587-8E68166D3934}.Debug|Mixed Platforms.ActiveCfg = Debug|Any CPU
		{23D76FD9-3C3A-4B09-8587-8E68166D3934}.Debug|Mixed Platforms.Build.0 = Debug|Any CPU
		{23D76FD9-3C3A-4B09-8587-8E68166D3934}.Debug|x64.ActiveCfg = Debug|Any CPU
		{23D76FD9-3C3A-4B09-8587-8E68166D3934}.Debug|x64.Build.0 = Debug|Any CPU
		{23D76FD9-3C3A-4B09-8587-8E68166D3934}.Release|.NET.ActiveCfg = Release|Any CPU
		{23D76FD9-3C3A-4B09-8587-8E68166D3934}.Release|.NET.Build.0 = Release|Any CPU
		{23D76FD9-3C3A-4B09-8587-8E68166D3934}.Release|Any CPU.ActiveCfg = Release|Any CPU
		{23D76FD9-3C3A-4B09-8587-8E68166D3934}.Release|Any CPU.Build.0 = Release|Any CPU
		{23D76FD9-3C3A-4B09-8587-8E68166D3934}.Release|Mixed Platforms.ActiveCfg = Release|Any CPU
		{23D76FD9-3C3A-4B09-8587-8E68166D3934}.Release|Mixed Platforms.Build.0 = Release|Any CPU
		{23D76FD9-3C3A-4B09-8587-8E68166D3934}.Release|x64.ActiveCfg = Release|Any CPU
		{23D76FD9-3C3A-4B09-8587-8E68166D3934}.Release|x64.Build.0 = Release|Any CPU
		{23D76FD9-3C3A-4B09-8587-8E68166D3934}.test|.NET.ActiveCfg = Release|Any CPU
		{23D76FD9-3C3A-4B09-8587-8E68166D3934}.test|.NET.Build.0 = Release|Any CPU
		{23D76FD9-3C3A-4B09-8587-8E68166D3934}.test|Any CPU.ActiveCfg = Release|Any CPU
		{23D76FD9-3C3A-4B09-8587-8E68166D3934}.test|Any CPU.Build.0 = Release|Any CPU
		{23D76FD9-3C3A-4B09-8587-8E68166D3934}.test|Mixed Platforms.ActiveCfg = Release|Any CPU
		{23D76FD9-3C3A-4B09-8587-8E68166D3934}.test|Mixed Platforms.Build.0 = Release|Any CPU
		{23D76FD9-3C3A-4B09-8587-8E68166D3934}.test|x64.ActiveCfg = Release|Any CPU
		{23D76FD9-3C3A-4B09-8587-8E68166D3934}.test|x64.Build.0 = Release|Any CPU
		{23D76FD9-3C3A-4B09-8587-8E68166D3934}.wenwanren.17.config|.NET.ActiveCfg = Debug|Any CPU
		{23D76FD9-3C3A-4B09-8587-8E68166D3934}.wenwanren.17.config|.NET.Build.0 = Debug|Any CPU
		{23D76FD9-3C3A-4B09-8587-8E68166D3934}.wenwanren.17.config|Any CPU.ActiveCfg = Debug|Any CPU
		{23D76FD9-3C3A-4B09-8587-8E68166D3934}.wenwanren.17.config|Any CPU.Build.0 = Debug|Any CPU
		{23D76FD9-3C3A-4B09-8587-8E68166D3934}.wenwanren.17.config|Mixed Platforms.ActiveCfg = Debug|Any CPU
		{23D76FD9-3C3A-4B09-8587-8E68166D3934}.wenwanren.17.config|Mixed Platforms.Build.0 = Debug|Any CPU
		{23D76FD9-3C3A-4B09-8587-8E68166D3934}.wenwanren.17.config|x64.ActiveCfg = Debug|Any CPU
		{23D76FD9-3C3A-4B09-8587-8E68166D3934}.wenwanren.17.config|x64.Build.0 = Debug|Any CPU
		{5FF727AA-F108-489A-A54B-272FA7566948}.17|.NET.ActiveCfg = Release|Any CPU
		{5FF727AA-F108-489A-A54B-272FA7566948}.17|.NET.Build.0 = Release|Any CPU
		{5FF727AA-F108-489A-A54B-272FA7566948}.17|Any CPU.ActiveCfg = Release|Any CPU
		{5FF727AA-F108-489A-A54B-272FA7566948}.17|Any CPU.Build.0 = Release|Any CPU
		{5FF727AA-F108-489A-A54B-272FA7566948}.17|Mixed Platforms.ActiveCfg = Release|Any CPU
		{5FF727AA-F108-489A-A54B-272FA7566948}.17|Mixed Platforms.Build.0 = Release|Any CPU
		{5FF727AA-F108-489A-A54B-272FA7566948}.17|x64.ActiveCfg = Release|Any CPU
		{5FF727AA-F108-489A-A54B-272FA7566948}.17|x64.Build.0 = Release|Any CPU
		{5FF727AA-F108-489A-A54B-272FA7566948}.Debug|.NET.ActiveCfg = Debug|Any CPU
		{5FF727AA-F108-489A-A54B-272FA7566948}.Debug|.NET.Build.0 = Debug|Any CPU
		{5FF727AA-F108-489A-A54B-272FA7566948}.Debug|Any CPU.ActiveCfg = Debug|Any CPU
		{5FF727AA-F108-489A-A54B-272FA7566948}.Debug|Any CPU.Build.0 = Debug|Any CPU
		{5FF727AA-F108-489A-A54B-272FA7566948}.Debug|Mixed Platforms.ActiveCfg = Debug|Any CPU
		{5FF727AA-F108-489A-A54B-272FA7566948}.Debug|Mixed Platforms.Build.0 = Debug|Any CPU
		{5FF727AA-F108-489A-A54B-272FA7566948}.Debug|x64.ActiveCfg = Debug|Any CPU
		{5FF727AA-F108-489A-A54B-272FA7566948}.Debug|x64.Build.0 = Debug|Any CPU
		{5FF727AA-F108-489A-A54B-272FA7566948}.Release|.NET.ActiveCfg = Release|Any CPU
		{5FF727AA-F108-489A-A54B-272FA7566948}.Release|.NET.Build.0 = Release|Any CPU
		{5FF727AA-F108-489A-A54B-272FA7566948}.Release|Any CPU.ActiveCfg = Release|Any CPU
		{5FF727AA-F108-489A-A54B-272FA7566948}.Release|Any CPU.Build.0 = Release|Any CPU
		{5FF727AA-F108-489A-A54B-272FA7566948}.Release|Mixed Platforms.ActiveCfg = Release|Any CPU
		{5FF727AA-F108-489A-A54B-272FA7566948}.Release|Mixed Platforms.Build.0 = Release|Any CPU
		{5FF727AA-F108-489A-A54B-272FA7566948}.Release|x64.ActiveCfg = Release|Any CPU
		{5FF727AA-F108-489A-A54B-272FA7566948}.Release|x64.Build.0 = Release|Any CPU
		{5FF727AA-F108-489A-A54B-272FA7566948}.test|.NET.ActiveCfg = Release|Any CPU
		{5FF727AA-F108-489A-A54B-272FA7566948}.test|.NET.Build.0 = Release|Any CPU
		{5FF727AA-F108-489A-A54B-272FA7566948}.test|Any CPU.ActiveCfg = Release|Any CPU
		{5FF727AA-F108-489A-A54B-272FA7566948}.test|Any CPU.Build.0 = Release|Any CPU
		{5FF727AA-F108-489A-A54B-272FA7566948}.test|Mixed Platforms.ActiveCfg = Release|Any CPU
		{5FF727AA-F108-489A-A54B-272FA7566948}.test|Mixed Platforms.Build.0 = Release|Any CPU
		{5FF727AA-F108-489A-A54B-272FA7566948}.test|x64.ActiveCfg = Release|Any CPU
		{5FF727AA-F108-489A-A54B-272FA7566948}.test|x64.Build.0 = Release|Any CPU
		{5FF727AA-F108-489A-A54B-272FA7566948}.wenwanren.17.config|.NET.ActiveCfg = Debug|Any CPU
		{5FF727AA-F108-489A-A54B-272FA7566948}.wenwanren.17.config|.NET.Build.0 = Debug|Any CPU
		{5FF727AA-F108-489A-A54B-272FA7566948}.wenwanren.17.config|Any CPU.ActiveCfg = Debug|Any CPU
		{5FF727AA-F108-489A-A54B-272FA7566948}.wenwanren.17.config|Any CPU.Build.0 = Debug|Any CPU
		{5FF727AA-F108-489A-A54B-272FA7566948}.wenwanren.17.config|Mixed Platforms.ActiveCfg = Debug|Any CPU
		{5FF727AA-F108-489A-A54B-272FA7566948}.wenwanren.17.config|Mixed Platforms.Build.0 = Debug|Any CPU
		{5FF727AA-F108-489A-A54B-272FA7566948}.wenwanren.17.config|x64.ActiveCfg = Debug|Any CPU
		{5FF727AA-F108-489A-A54B-272FA7566948}.wenwanren.17.config|x64.Build.0 = Debug|Any CPU
		{4A43C4C7-31B3-432F-9B88-5BE6F70527CE}.17|.NET.ActiveCfg = Release|Any CPU
		{4A43C4C7-31B3-432F-9B88-5BE6F70527CE}.17|.NET.Build.0 = Release|Any CPU
		{4A43C4C7-31B3-432F-9B88-5BE6F70527CE}.17|Any CPU.ActiveCfg = Release|Any CPU
		{4A43C4C7-31B3-432F-9B88-5BE6F70527CE}.17|Any CPU.Build.0 = Release|Any CPU
		{4A43C4C7-31B3-432F-9B88-5BE6F70527CE}.17|Mixed Platforms.ActiveCfg = Release|Any CPU
		{4A43C4C7-31B3-432F-9B88-5BE6F70527CE}.17|Mixed Platforms.Build.0 = Release|Any CPU
		{4A43C4C7-31B3-432F-9B88-5BE6F70527CE}.17|x64.ActiveCfg = Release|Any CPU
		{4A43C4C7-31B3-432F-9B88-5BE6F70527CE}.17|x64.Build.0 = Release|Any CPU
		{4A43C4C7-31B3-432F-9B88-5BE6F70527CE}.Debug|.NET.ActiveCfg = Debug|Any CPU
		{4A43C4C7-31B3-432F-9B88-5BE6F70527CE}.Debug|.NET.Build.0 = Debug|Any CPU
		{4A43C4C7-31B3-432F-9B88-5BE6F70527CE}.Debug|Any CPU.ActiveCfg = Debug|Any CPU
		{4A43C4C7-31B3-432F-9B88-5BE6F70527CE}.Debug|Any CPU.Build.0 = Debug|Any CPU
		{4A43C4C7-31B3-432F-9B88-5BE6F70527CE}.Debug|Mixed Platforms.ActiveCfg = Debug|Any CPU
		{4A43C4C7-31B3-432F-9B88-5BE6F70527CE}.Debug|Mixed Platforms.Build.0 = Debug|Any CPU
		{4A43C4C7-31B3-432F-9B88-5BE6F70527CE}.Debug|x64.ActiveCfg = Debug|Any CPU
		{4A43C4C7-31B3-432F-9B88-5BE6F70527CE}.Debug|x64.Build.0 = Debug|Any CPU
		{4A43C4C7-31B3-432F-9B88-5BE6F70527CE}.Release|.NET.ActiveCfg = Release|Any CPU
		{4A43C4C7-31B3-432F-9B88-5BE6F70527CE}.Release|.NET.Build.0 = Release|Any CPU
		{4A43C4C7-31B3-432F-9B88-5BE6F70527CE}.Release|Any CPU.ActiveCfg = Release|Any CPU
		{4A43C4C7-31B3-432F-9B88-5BE6F70527CE}.Release|Any CPU.Build.0 = Release|Any CPU
		{4A43C4C7-31B3-432F-9B88-5BE6F70527CE}.Release|Mixed Platforms.ActiveCfg = Release|Any CPU
		{4A43C4C7-31B3-432F-9B88-5BE6F70527CE}.Release|Mixed Platforms.Build.0 = Release|Any CPU
		{4A43C4C7-31B3-432F-9B88-5BE6F70527CE}.Release|x64.ActiveCfg = Release|Any CPU
		{4A43C4C7-31B3-432F-9B88-5BE6F70527CE}.Release|x64.Build.0 = Release|Any CPU
		{4A43C4C7-31B3-432F-9B88-5BE6F70527CE}.test|.NET.ActiveCfg = Release|Any CPU
		{4A43C4C7-31B3-432F-9B88-5BE6F70527CE}.test|.NET.Build.0 = Release|Any CPU
		{4A43C4C7-31B3-432F-9B88-5BE6F70527CE}.test|Any CPU.ActiveCfg = Release|Any CPU
		{4A43C4C7-31B3-432F-9B88-5BE6F70527CE}.test|Any CPU.Build.0 = Release|Any CPU
		{4A43C4C7-31B3-432F-9B88-5BE6F70527CE}.test|Mixed Platforms.ActiveCfg = Release|Any CPU
		{4A43C4C7-31B3-432F-9B88-5BE6F70527CE}.test|Mixed Platforms.Build.0 = Release|Any CPU
		{4A43C4C7-31B3-432F-9B88-5BE6F70527CE}.test|x64.ActiveCfg = Release|Any CPU
		{4A43C4C7-31B3-432F-9B88-5BE6F70527CE}.test|x64.Build.0 = Release|Any CPU
		{4A43C4C7-31B3-432F-9B88-5BE6F70527CE}.wenwanren.17.config|.NET.ActiveCfg = Debug|Any CPU
		{4A43C4C7-31B3-432F-9B88-5BE6F70527CE}.wenwanren.17.config|.NET.Build.0 = Debug|Any CPU
		{4A43C4C7-31B3-432F-9B88-5BE6F70527CE}.wenwanren.17.config|Any CPU.ActiveCfg = Debug|Any CPU
		{4A43C4C7-31B3-432F-9B88-5BE6F70527CE}.wenwanren.17.config|Any CPU.Build.0 = Debug|Any CPU
		{4A43C4C7-31B3-432F-9B88-5BE6F70527CE}.wenwanren.17.config|Mixed Platforms.ActiveCfg = Debug|Any CPU
		{4A43C4C7-31B3-432F-9B88-5BE6F70527CE}.wenwanren.17.config|Mixed Platforms.Build.0 = Debug|Any CPU
		{4A43C4C7-31B3-432F-9B88-5BE6F70527CE}.wenwanren.17.config|x64.ActiveCfg = Debug|Any CPU
		{4A43C4C7-31B3-432F-9B88-5BE6F70527CE}.wenwanren.17.config|x64.Build.0 = Debug|Any CPU
		{F6774CB1-16CF-4E70-94E1-1933E3866416}.17|.NET.ActiveCfg = Release|Any CPU
		{F6774CB1-16CF-4E70-94E1-1933E3866416}.17|.NET.Build.0 = Release|Any CPU
		{F6774CB1-16CF-4E70-94E1-1933E3866416}.17|Any CPU.ActiveCfg = Release|Any CPU
		{F6774CB1-16CF-4E70-94E1-1933E3866416}.17|Any CPU.Build.0 = Release|Any CPU
		{F6774CB1-16CF-4E70-94E1-1933E3866416}.17|Mixed Platforms.ActiveCfg = Release|Any CPU
		{F6774CB1-16CF-4E70-94E1-1933E3866416}.17|Mixed Platforms.Build.0 = Release|Any CPU
		{F6774CB1-16CF-4E70-94E1-1933E3866416}.17|x64.ActiveCfg = Release|Any CPU
		{F6774CB1-16CF-4E70-94E1-1933E3866416}.17|x64.Build.0 = Release|Any CPU
		{F6774CB1-16CF-4E70-94E1-1933E3866416}.Debug|.NET.ActiveCfg = Debug|Any CPU
		{F6774CB1-16CF-4E70-94E1-1933E3866416}.Debug|.NET.Build.0 = Debug|Any CPU
		{F6774CB1-16CF-4E70-94E1-1933E3866416}.Debug|Any CPU.ActiveCfg = Debug|Any CPU
		{F6774CB1-16CF-4E70-94E1-1933E3866416}.Debug|Any CPU.Build.0 = Debug|Any CPU
		{F6774CB1-16CF-4E70-94E1-1933E3866416}.Debug|Mixed Platforms.ActiveCfg = Debug|Any CPU
		{F6774CB1-16CF-4E70-94E1-1933E3866416}.Debug|Mixed Platforms.Build.0 = Debug|Any CPU
		{F6774CB1-16CF-4E70-94E1-1933E3866416}.Debug|x64.ActiveCfg = Debug|Any CPU
		{F6774CB1-16CF-4E70-94E1-1933E3866416}.Debug|x64.Build.0 = Debug|Any CPU
		{F6774CB1-16CF-4E70-94E1-1933E3866416}.Release|.NET.ActiveCfg = Release|Any CPU
		{F6774CB1-16CF-4E70-94E1-1933E3866416}.Release|.NET.Build.0 = Release|Any CPU
		{F6774CB1-16CF-4E70-94E1-1933E3866416}.Release|Any CPU.ActiveCfg = Release|Any CPU
		{F6774CB1-16CF-4E70-94E1-1933E3866416}.Release|Any CPU.Build.0 = Release|Any CPU
		{F6774CB1-16CF-4E70-94E1-1933E3866416}.Release|Mixed Platforms.ActiveCfg = Release|Any CPU
		{F6774CB1-16CF-4E70-94E1-1933E3866416}.Release|Mixed Platforms.Build.0 = Release|Any CPU
		{F6774CB1-16CF-4E70-94E1-1933E3866416}.Release|x64.ActiveCfg = Release|Any CPU
		{F6774CB1-16CF-4E70-94E1-1933E3866416}.Release|x64.Build.0 = Release|Any CPU
		{F6774CB1-16CF-4E70-94E1-1933E3866416}.test|.NET.ActiveCfg = Release|Any CPU
		{F6774CB1-16CF-4E70-94E1-1933E3866416}.test|.NET.Build.0 = Release|Any CPU
		{F6774CB1-16CF-4E70-94E1-1933E3866416}.test|Any CPU.ActiveCfg = Release|Any CPU
		{F6774CB1-16CF-4E70-94E1-1933E3866416}.test|Any CPU.Build.0 = Release|Any CPU
		{F6774CB1-16CF-4E70-94E1-1933E3866416}.test|Mixed Platforms.ActiveCfg = Release|Any CPU
		{F6774CB1-16CF-4E70-94E1-1933E3866416}.test|Mixed Platforms.Build.0 = Release|Any CPU
		{F6774CB1-16CF-4E70-94E1-1933E3866416}.test|x64.ActiveCfg = Release|Any CPU
		{F6774CB1-16CF-4E70-94E1-1933E3866416}.test|x64.Build.0 = Release|Any CPU
		{F6774CB1-16CF-4E70-94E1-1933E3866416}.wenwanren.17.config|.NET.ActiveCfg = Debug|Any CPU
		{F6774CB1-16CF-4E70-94E1-1933E3866416}.wenwanren.17.config|.NET.Build.0 = Debug|Any CPU
		{F6774CB1-16CF-4E70-94E1-1933E3866416}.wenwanren.17.config|Any CPU.ActiveCfg = Debug|Any CPU
		{F6774CB1-16CF-4E70-94E1-1933E3866416}.wenwanren.17.config|Any CPU.Build.0 = Debug|Any CPU
		{F6774CB1-16CF-4E70-94E1-1933E3866416}.wenwanren.17.config|Mixed Platforms.ActiveCfg = Debug|Any CPU
		{F6774CB1-16CF-4E70-94E1-1933E3866416}.wenwanren.17.config|Mixed Platforms.Build.0 = Debug|Any CPU
		{F6774CB1-16CF-4E70-94E1-1933E3866416}.wenwanren.17.config|x64.ActiveCfg = Debug|Any CPU
		{F6774CB1-16CF-4E70-94E1-1933E3866416}.wenwanren.17.config|x64.Build.0 = Debug|Any CPU
		{C074BC73-6697-417F-BC12-7FB766A0D0B3}.17|.NET.ActiveCfg = Release|Any CPU
		{C074BC73-6697-417F-BC12-7FB766A0D0B3}.17|.NET.Build.0 = Release|Any CPU
		{C074BC73-6697-417F-BC12-7FB766A0D0B3}.17|Any CPU.ActiveCfg = Release|Any CPU
		{C074BC73-6697-417F-BC12-7FB766A0D0B3}.17|Any CPU.Build.0 = Release|Any CPU
		{C074BC73-6697-417F-BC12-7FB766A0D0B3}.17|Mixed Platforms.ActiveCfg = Release|Any CPU
		{C074BC73-6697-417F-BC12-7FB766A0D0B3}.17|Mixed Platforms.Build.0 = Release|Any CPU
		{C074BC73-6697-417F-BC12-7FB766A0D0B3}.17|x64.ActiveCfg = Release|Any CPU
		{C074BC73-6697-417F-BC12-7FB766A0D0B3}.17|x64.Build.0 = Release|Any CPU
		{C074BC73-6697-417F-BC12-7FB766A0D0B3}.Debug|.NET.ActiveCfg = Debug|Any CPU
		{C074BC73-6697-417F-BC12-7FB766A0D0B3}.Debug|.NET.Build.0 = Debug|Any CPU
		{C074BC73-6697-417F-BC12-7FB766A0D0B3}.Debug|Any CPU.ActiveCfg = Debug|Any CPU
		{C074BC73-6697-417F-BC12-7FB766A0D0B3}.Debug|Any CPU.Build.0 = Debug|Any CPU
		{C074BC73-6697-417F-BC12-7FB766A0D0B3}.Debug|Mixed Platforms.ActiveCfg = Debug|Any CPU
		{C074BC73-6697-417F-BC12-7FB766A0D0B3}.Debug|Mixed Platforms.Build.0 = Debug|Any CPU
		{C074BC73-6697-417F-BC12-7FB766A0D0B3}.Debug|x64.ActiveCfg = Debug|Any CPU
		{C074BC73-6697-417F-BC12-7FB766A0D0B3}.Debug|x64.Build.0 = Debug|Any CPU
		{C074BC73-6697-417F-BC12-7FB766A0D0B3}.Release|.NET.ActiveCfg = Release|Any CPU
		{C074BC73-6697-417F-BC12-7FB766A0D0B3}.Release|.NET.Build.0 = Release|Any CPU
		{C074BC73-6697-417F-BC12-7FB766A0D0B3}.Release|Any CPU.ActiveCfg = Release|Any CPU
		{C074BC73-6697-417F-BC12-7FB766A0D0B3}.Release|Any CPU.Build.0 = Release|Any CPU
		{C074BC73-6697-417F-BC12-7FB766A0D0B3}.Release|Mixed Platforms.ActiveCfg = Release|Any CPU
		{C074BC73-6697-417F-BC12-7FB766A0D0B3}.Release|Mixed Platforms.Build.0 = Release|Any CPU
		{C074BC73-6697-417F-BC12-7FB766A0D0B3}.Release|x64.ActiveCfg = Release|Any CPU
		{C074BC73-6697-417F-BC12-7FB766A0D0B3}.Release|x64.Build.0 = Release|Any CPU
		{C074BC73-6697-417F-BC12-7FB766A0D0B3}.test|.NET.ActiveCfg = Release|Any CPU
		{C074BC73-6697-417F-BC12-7FB766A0D0B3}.test|.NET.Build.0 = Release|Any CPU
		{C074BC73-6697-417F-BC12-7FB766A0D0B3}.test|Any CPU.ActiveCfg = Release|Any CPU
		{C074BC73-6697-417F-BC12-7FB766A0D0B3}.test|Any CPU.Build.0 = Release|Any CPU
		{C074BC73-6697-417F-BC12-7FB766A0D0B3}.test|Mixed Platforms.ActiveCfg = Release|Any CPU
		{C074BC73-6697-417F-BC12-7FB766A0D0B3}.test|Mixed Platforms.Build.0 = Release|Any CPU
		{C074BC73-6697-417F-BC12-7FB766A0D0B3}.test|x64.ActiveCfg = Release|Any CPU
		{C074BC73-6697-417F-BC12-7FB766A0D0B3}.test|x64.Build.0 = Release|Any CPU
		{C074BC73-6697-417F-BC12-7FB766A0D0B3}.wenwanren.17.config|.NET.ActiveCfg = Debug|Any CPU
		{C074BC73-6697-417F-BC12-7FB766A0D0B3}.wenwanren.17.config|.NET.Build.0 = Debug|Any CPU
		{C074BC73-6697-417F-BC12-7FB766A0D0B3}.wenwanren.17.config|Any CPU.ActiveCfg = Debug|Any CPU
		{C074BC73-6697-417F-BC12-7FB766A0D0B3}.wenwanren.17.config|Any CPU.Build.0 = Debug|Any CPU
		{C074BC73-6697-417F-BC12-7FB766A0D0B3}.wenwanren.17.config|Mixed Platforms.ActiveCfg = Debug|Any CPU
		{C074BC73-6697-417F-BC12-7FB766A0D0B3}.wenwanren.17.config|Mixed Platforms.Build.0 = Debug|Any CPU
		{C074BC73-6697-417F-BC12-7FB766A0D0B3}.wenwanren.17.config|x64.ActiveCfg = Debug|Any CPU
		{C074BC73-6697-417F-BC12-7FB766A0D0B3}.wenwanren.17.config|x64.Build.0 = Debug|Any CPU
		{79A0FF24-7422-4AC4-91D6-9D6AD1D4D6A0}.17|.NET.ActiveCfg = Release|Any CPU
		{79A0FF24-7422-4AC4-91D6-9D6AD1D4D6A0}.17|.NET.Build.0 = Release|Any CPU
		{79A0FF24-7422-4AC4-91D6-9D6AD1D4D6A0}.17|Any CPU.ActiveCfg = Release|Any CPU
		{79A0FF24-7422-4AC4-91D6-9D6AD1D4D6A0}.17|Any CPU.Build.0 = Release|Any CPU
		{79A0FF24-7422-4AC4-91D6-9D6AD1D4D6A0}.17|Mixed Platforms.ActiveCfg = Release|Any CPU
		{79A0FF24-7422-4AC4-91D6-9D6AD1D4D6A0}.17|Mixed Platforms.Build.0 = Release|Any CPU
		{79A0FF24-7422-4AC4-91D6-9D6AD1D4D6A0}.17|x64.ActiveCfg = Release|Any CPU
		{79A0FF24-7422-4AC4-91D6-9D6AD1D4D6A0}.17|x64.Build.0 = Release|Any CPU
		{79A0FF24-7422-4AC4-91D6-9D6AD1D4D6A0}.Debug|.NET.ActiveCfg = Debug|Any CPU
		{79A0FF24-7422-4AC4-91D6-9D6AD1D4D6A0}.Debug|.NET.Build.0 = Debug|Any CPU
		{79A0FF24-7422-4AC4-91D6-9D6AD1D4D6A0}.Debug|Any CPU.ActiveCfg = Debug|Any CPU
		{79A0FF24-7422-4AC4-91D6-9D6AD1D4D6A0}.Debug|Any CPU.Build.0 = Debug|Any CPU
		{79A0FF24-7422-4AC4-91D6-9D6AD1D4D6A0}.Debug|Mixed Platforms.ActiveCfg = Debug|Any CPU
		{79A0FF24-7422-4AC4-91D6-9D6AD1D4D6A0}.Debug|Mixed Platforms.Build.0 = Debug|Any CPU
		{79A0FF24-7422-4AC4-91D6-9D6AD1D4D6A0}.Debug|x64.ActiveCfg = Debug|Any CPU
		{79A0FF24-7422-4AC4-91D6-9D6AD1D4D6A0}.Debug|x64.Build.0 = Debug|Any CPU
		{79A0FF24-7422-4AC4-91D6-9D6AD1D4D6A0}.Release|.NET.ActiveCfg = Release|Any CPU
		{79A0FF24-7422-4AC4-91D6-9D6AD1D4D6A0}.Release|.NET.Build.0 = Release|Any CPU
		{79A0FF24-7422-4AC4-91D6-9D6AD1D4D6A0}.Release|Any CPU.ActiveCfg = Release|Any CPU
		{79A0FF24-7422-4AC4-91D6-9D6AD1D4D6A0}.Release|Any CPU.Build.0 = Release|Any CPU
		{79A0FF24-7422-4AC4-91D6-9D6AD1D4D6A0}.Release|Mixed Platforms.ActiveCfg = Release|Any CPU
		{79A0FF24-7422-4AC4-91D6-9D6AD1D4D6A0}.Release|Mixed Platforms.Build.0 = Release|Any CPU
		{79A0FF24-7422-4AC4-91D6-9D6AD1D4D6A0}.Release|x64.ActiveCfg = Release|Any CPU
		{79A0FF24-7422-4AC4-91D6-9D6AD1D4D6A0}.Release|x64.Build.0 = Release|Any CPU
		{79A0FF24-7422-4AC4-91D6-9D6AD1D4D6A0}.test|.NET.ActiveCfg = Release|Any CPU
		{79A0FF24-7422-4AC4-91D6-9D6AD1D4D6A0}.test|.NET.Build.0 = Release|Any CPU
		{79A0FF24-7422-4AC4-91D6-9D6AD1D4D6A0}.test|Any CPU.ActiveCfg = Release|Any CPU
		{79A0FF24-7422-4AC4-91D6-9D6AD1D4D6A0}.test|Any CPU.Build.0 = Release|Any CPU
		{79A0FF24-7422-4AC4-91D6-9D6AD1D4D6A0}.test|Mixed Platforms.ActiveCfg = Release|Any CPU
		{79A0FF24-7422-4AC4-91D6-9D6AD1D4D6A0}.test|Mixed Platforms.Build.0 = Release|Any CPU
		{79A0FF24-7422-4AC4-91D6-9D6AD1D4D6A0}.test|x64.ActiveCfg = Release|Any CPU
		{79A0FF24-7422-4AC4-91D6-9D6AD1D4D6A0}.test|x64.Build.0 = Release|Any CPU
		{79A0FF24-7422-4AC4-91D6-9D6AD1D4D6A0}.wenwanren.17.config|.NET.ActiveCfg = Debug|Any CPU
		{79A0FF24-7422-4AC4-91D6-9D6AD1D4D6A0}.wenwanren.17.config|.NET.Build.0 = Debug|Any CPU
		{79A0FF24-7422-4AC4-91D6-9D6AD1D4D6A0}.wenwanren.17.config|Any CPU.ActiveCfg = Debug|Any CPU
		{79A0FF24-7422-4AC4-91D6-9D6AD1D4D6A0}.wenwanren.17.config|Any CPU.Build.0 = Debug|Any CPU
		{79A0FF24-7422-4AC4-91D6-9D6AD1D4D6A0}.wenwanren.17.config|Mixed Platforms.ActiveCfg = Debug|Any CPU
		{79A0FF24-7422-4AC4-91D6-9D6AD1D4D6A0}.wenwanren.17.config|Mixed Platforms.Build.0 = Debug|Any CPU
		{79A0FF24-7422-4AC4-91D6-9D6AD1D4D6A0}.wenwanren.17.config|x64.ActiveCfg = Debug|Any CPU
		{79A0FF24-7422-4AC4-91D6-9D6AD1D4D6A0}.wenwanren.17.config|x64.Build.0 = Debug|Any CPU
		{57B1FCB0-962D-4EFE-A932-71FAB23C10E7}.17|.NET.ActiveCfg = Release|Any CPU
		{57B1FCB0-962D-4EFE-A932-71FAB23C10E7}.17|.NET.Build.0 = Release|Any CPU
		{57B1FCB0-962D-4EFE-A932-71FAB23C10E7}.17|Any CPU.ActiveCfg = Release|Any CPU
		{57B1FCB0-962D-4EFE-A932-71FAB23C10E7}.17|Any CPU.Build.0 = Release|Any CPU
		{57B1FCB0-962D-4EFE-A932-71FAB23C10E7}.17|Mixed Platforms.ActiveCfg = Release|Any CPU
		{57B1FCB0-962D-4EFE-A932-71FAB23C10E7}.17|Mixed Platforms.Build.0 = Release|Any CPU
		{57B1FCB0-962D-4EFE-A932-71FAB23C10E7}.17|x64.ActiveCfg = Release|Any CPU
		{57B1FCB0-962D-4EFE-A932-71FAB23C10E7}.17|x64.Build.0 = Release|Any CPU
		{57B1FCB0-962D-4EFE-A932-71FAB23C10E7}.Debug|.NET.ActiveCfg = Debug|Any CPU
		{57B1FCB0-962D-4EFE-A932-71FAB23C10E7}.Debug|.NET.Build.0 = Debug|Any CPU
		{57B1FCB0-962D-4EFE-A932-71FAB23C10E7}.Debug|Any CPU.ActiveCfg = Debug|Any CPU
		{57B1FCB0-962D-4EFE-A932-71FAB23C10E7}.Debug|Any CPU.Build.0 = Debug|Any CPU
		{57B1FCB0-962D-4EFE-A932-71FAB23C10E7}.Debug|Mixed Platforms.ActiveCfg = Debug|Any CPU
		{57B1FCB0-962D-4EFE-A932-71FAB23C10E7}.Debug|Mixed Platforms.Build.0 = Debug|Any CPU
		{57B1FCB0-962D-4EFE-A932-71FAB23C10E7}.Debug|x64.ActiveCfg = Debug|Any CPU
		{57B1FCB0-962D-4EFE-A932-71FAB23C10E7}.Debug|x64.Build.0 = Debug|Any CPU
		{57B1FCB0-962D-4EFE-A932-71FAB23C10E7}.Release|.NET.ActiveCfg = Release|Any CPU
		{57B1FCB0-962D-4EFE-A932-71FAB23C10E7}.Release|.NET.Build.0 = Release|Any CPU
		{57B1FCB0-962D-4EFE-A932-71FAB23C10E7}.Release|Any CPU.ActiveCfg = Release|Any CPU
		{57B1FCB0-962D-4EFE-A932-71FAB23C10E7}.Release|Any CPU.Build.0 = Release|Any CPU
		{57B1FCB0-962D-4EFE-A932-71FAB23C10E7}.Release|Mixed Platforms.ActiveCfg = Release|Any CPU
		{57B1FCB0-962D-4EFE-A932-71FAB23C10E7}.Release|Mixed Platforms.Build.0 = Release|Any CPU
		{57B1FCB0-962D-4EFE-A932-71FAB23C10E7}.Release|x64.ActiveCfg = Release|Any CPU
		{57B1FCB0-962D-4EFE-A932-71FAB23C10E7}.Release|x64.Build.0 = Release|Any CPU
		{57B1FCB0-962D-4EFE-A932-71FAB23C10E7}.test|.NET.ActiveCfg = Release|Any CPU
		{57B1FCB0-962D-4EFE-A932-71FAB23C10E7}.test|.NET.Build.0 = Release|Any CPU
		{57B1FCB0-962D-4EFE-A932-71FAB23C10E7}.test|Any CPU.ActiveCfg = Release|Any CPU
		{57B1FCB0-962D-4EFE-A932-71FAB23C10E7}.test|Any CPU.Build.0 = Release|Any CPU
		{57B1FCB0-962D-4EFE-A932-71FAB23C10E7}.test|Mixed Platforms.ActiveCfg = Release|Any CPU
		{57B1FCB0-962D-4EFE-A932-71FAB23C10E7}.test|Mixed Platforms.Build.0 = Release|Any CPU
		{57B1FCB0-962D-4EFE-A932-71FAB23C10E7}.test|x64.ActiveCfg = Release|Any CPU
		{57B1FCB0-962D-4EFE-A932-71FAB23C10E7}.test|x64.Build.0 = Release|Any CPU
		{57B1FCB0-962D-4EFE-A932-71FAB23C10E7}.wenwanren.17.config|.NET.ActiveCfg = Debug|Any CPU
		{57B1FCB0-962D-4EFE-A932-71FAB23C10E7}.wenwanren.17.config|.NET.Build.0 = Debug|Any CPU
		{57B1FCB0-962D-4EFE-A932-71FAB23C10E7}.wenwanren.17.config|Any CPU.ActiveCfg = Debug|Any CPU
		{57B1FCB0-962D-4EFE-A932-71FAB23C10E7}.wenwanren.17.config|Any CPU.Build.0 = Debug|Any CPU
		{57B1FCB0-962D-4EFE-A932-71FAB23C10E7}.wenwanren.17.config|Mixed Platforms.ActiveCfg = Debug|Any CPU
		{57B1FCB0-962D-4EFE-A932-71FAB23C10E7}.wenwanren.17.config|Mixed Platforms.Build.0 = Debug|Any CPU
		{57B1FCB0-962D-4EFE-A932-71FAB23C10E7}.wenwanren.17.config|x64.ActiveCfg = Debug|Any CPU
		{57B1FCB0-962D-4EFE-A932-71FAB23C10E7}.wenwanren.17.config|x64.Build.0 = Debug|Any CPU
	EndGlobalSection
	GlobalSection(SolutionProperties) = preSolution
		HideSolutionNode = FALSE
	EndGlobalSection
	GlobalSection(NestedProjects) = preSolution
		{008CA7E3-3012-4BE1-85BC-CD8DC9AEFCD0} = {377BE900-83E6-41D9-9C7E-25FE54B1A093}
		{4BA9F10C-67B7-4CD6-87B1-0519ADBCA2A1} = {377BE900-83E6-41D9-9C7E-25FE54B1A093}
		{B1253B40-D947-4ED0-B656-C8B8BE0B6333} = {377BE900-83E6-41D9-9C7E-25FE54B1A093}
		{6384424E-C4C0-42C8-9B65-6122A5273C2C} = {377BE900-83E6-41D9-9C7E-25FE54B1A093}
		{FC11014D-2006-420A-A185-0A1FA59DE72D} = {377BE900-83E6-41D9-9C7E-25FE54B1A093}
		{337F7E1A-E4AC-4FA3-A2FF-68B183BF82CB} = {9A1491E2-2024-4A64-AD75-0BC775B8246F}
		{20168359-AA63-42E9-B1A1-5E4FF4B3E63D} = {A0454C66-02A8-4FFF-9938-E4E986084799}
		{92CEBFA9-E648-481B-8EFF-27B683F1D0B3} = {9A1491E2-2024-4A64-AD75-0BC775B8246F}
		{ADD82ED5-DE18-4455-8A13-809A131FCD36} = {A0454C66-02A8-4FFF-9938-E4E986084799}
		{F68EA311-556B-4085-9E66-39AE29C33F71} = {377BE900-83E6-41D9-9C7E-25FE54B1A093}
		{B0C9925F-6645-41E1-BFEA-69F8C4257314} = {A0454C66-02A8-4FFF-9938-E4E986084799}
		{F46E8C73-41E9-4301-B280-B76E31297512} = {8B14494F-A226-4F64-87E1-B94A172423BD}
		{09AE2F24-35B9-49CD-B622-6C9D02DAB5FC} = {A0454C66-02A8-4FFF-9938-E4E986084799}
		{2DCE583D-2867-4A7D-AB61-2B09DA6CE8BE} = {9A1491E2-2024-4A64-AD75-0BC775B8246F}
		{59FA4E96-4242-45CF-85AD-2EC2504CBC00} = {9A1491E2-2024-4A64-AD75-0BC775B8246F}
		{EBA4A369-94A2-427C-8358-6E48094FDC98} = {A0454C66-02A8-4FFF-9938-E4E986084799}
		{F33F212C-9CEE-4302-8E08-0A03EFBF4B6F} = {8B14494F-A226-4F64-87E1-B94A172423BD}
		{4C5340A3-F247-414B-9E65-01721C5EE273} = {A0454C66-02A8-4FFF-9938-E4E986084799}
		{AC340AE9-025F-404A-888B-475D6506ED16} = {8B14494F-A226-4F64-87E1-B94A172423BD}
		{F2841C9D-2ABE-46BF-8ACE-8D81273388C9} = {8B14494F-A226-4F64-87E1-B94A172423BD}
		{23D76FD9-3C3A-4B09-8587-8E68166D3934} = {9A1491E2-2024-4A64-AD75-0BC775B8246F}
		{5FF727AA-F108-489A-A54B-272FA7566948} = {8B14494F-A226-4F64-87E1-B94A172423BD}
		{4A43C4C7-31B3-432F-9B88-5BE6F70527CE} = {8B14494F-A226-4F64-87E1-B94A172423BD}
		{F6774CB1-16CF-4E70-94E1-1933E3866416} = {9A1491E2-2024-4A64-AD75-0BC775B8246F}
		{C074BC73-6697-417F-BC12-7FB766A0D0B3} = {A0454C66-02A8-4FFF-9938-E4E986084799}
		{79A0FF24-7422-4AC4-91D6-9D6AD1D4D6A0} = {9A1491E2-2024-4A64-AD75-0BC775B8246F}
		{57B1FCB0-962D-4EFE-A932-71FAB23C10E7} = {A0454C66-02A8-4FFF-9938-E4E986084799}
	EndGlobalSection
EndGlobal
